// !$*UTF8*$!
{
	archiveVersion = 1;
	classes = {
	};
	objectVersion = 55;
	objects = {

/* Begin PBXBuildFile section */
		E41C6734287DB216001FD5B2 /* CatalogViewDelegate.swift in Sources */ = {isa = PBXBuildFile; fileRef = E41C6733287DB216001FD5B2 /* CatalogViewDelegate.swift */; };
		E41C6736287DB233001FD5B2 /* CatalogView.swift in Sources */ = {isa = PBXBuildFile; fileRef = E41C6735287DB233001FD5B2 /* CatalogView.swift */; };
		E41C6738287DBA6B001FD5B2 /* MenuCollectionViewCell.swift in Sources */ = {isa = PBXBuildFile; fileRef = E41C6737287DBA6B001FD5B2 /* MenuCollectionViewCell.swift */; };
		E41C673A287DF5CD001FD5B2 /* DishCollectionViewCell.swift in Sources */ = {isa = PBXBuildFile; fileRef = E41C6739287DF5CD001FD5B2 /* DishCollectionViewCell.swift */; };
		E41C675F287EDB52001FD5B2 /* DishModel.swift in Sources */ = {isa = PBXBuildFile; fileRef = E41C675E287EDB52001FD5B2 /* DishModel.swift */; };
		E41C6762287F1C6D001FD5B2 /* FoglihtenNo06_076.otf in Resources */ = {isa = PBXBuildFile; fileRef = E41C6761287F1C6D001FD5B2 /* FoglihtenNo06_076.otf */; };
		E41C6764287F3720001FD5B2 /* Gilroy-Bold.ttf in Resources */ = {isa = PBXBuildFile; fileRef = E41C6763287F3720001FD5B2 /* Gilroy-Bold.ttf */; };
		E41C6766287F3806001FD5B2 /* Gilroy-Regular.ttf in Resources */ = {isa = PBXBuildFile; fileRef = E41C6765287F3806001FD5B2 /* Gilroy-Regular.ttf */; };
		E433C8A0288C82030036479C /* DeliveryViewController.swift in Sources */ = {isa = PBXBuildFile; fileRef = E433C89F288C82030036479C /* DeliveryViewController.swift */; };
		E433C8A2288D7DB70036479C /* DeliveryView.swift in Sources */ = {isa = PBXBuildFile; fileRef = E433C8A1288D7DB70036479C /* DeliveryView.swift */; };
		E433C8A4288D7DC60036479C /* DeliveryDelegate.swift in Sources */ = {isa = PBXBuildFile; fileRef = E433C8A3288D7DC60036479C /* DeliveryDelegate.swift */; };
		E433C8A6288D98B20036479C /* CustomTextFieldWithInsets.swift in Sources */ = {isa = PBXBuildFile; fileRef = E433C8A5288D98B20036479C /* CustomTextFieldWithInsets.swift */; };
		E433C8A8288DA26E0036479C /* TogleView.swift in Sources */ = {isa = PBXBuildFile; fileRef = E433C8A7288DA26E0036479C /* TogleView.swift */; };
		E433C8AA288EF58B0036479C /* UserInfo.swift in Sources */ = {isa = PBXBuildFile; fileRef = E433C8A9288EF58B0036479C /* UserInfo.swift */; };
		E433C8AC288FDB510036479C /* BacketViewBackDataDelegate.swift in Sources */ = {isa = PBXBuildFile; fileRef = E433C8AB288FDB510036479C /* BacketViewBackDataDelegate.swift */; };
		E43C7FD028816148001F6D8C /* DishViewController.swift in Sources */ = {isa = PBXBuildFile; fileRef = E43C7FCF28816148001F6D8C /* DishViewController.swift */; };
		E43C7FD22881615B001F6D8C /* DishView.swift in Sources */ = {isa = PBXBuildFile; fileRef = E43C7FD12881615B001F6D8C /* DishView.swift */; };
		E43C7FD428816175001F6D8C /* DishDelegate.swift in Sources */ = {isa = PBXBuildFile; fileRef = E43C7FD328816175001F6D8C /* DishDelegate.swift */; };
		E43C7FD62882D49B001F6D8C /* Dishes.swift in Sources */ = {isa = PBXBuildFile; fileRef = E43C7FD52882D49B001F6D8C /* Dishes.swift */; };
		E43C7FD82882D5DC001F6D8C /* DataService.swift in Sources */ = {isa = PBXBuildFile; fileRef = E43C7FD72882D5DC001F6D8C /* DataService.swift */; };
		E43C7FDB2882E20A001F6D8C /* Kingfisher in Frameworks */ = {isa = PBXBuildFile; productRef = E43C7FDA2882E20A001F6D8C /* Kingfisher */; };
		E43C7FDD2883112A001F6D8C /* String.swift in Sources */ = {isa = PBXBuildFile; fileRef = E43C7FDC2883112A001F6D8C /* String.swift */; };
		E43C7FDF288419BB001F6D8C /* FoodCountView.swift in Sources */ = {isa = PBXBuildFile; fileRef = E43C7FDE288419BB001F6D8C /* FoodCountView.swift */; };
		E43C7FE228847EAF001F6D8C /* BasketDelegate.swift in Sources */ = {isa = PBXBuildFile; fileRef = E43C7FE128847EAF001F6D8C /* BasketDelegate.swift */; };
		E43C7FE428847F3F001F6D8C /* BasketView.swift in Sources */ = {isa = PBXBuildFile; fileRef = E43C7FE328847F3F001F6D8C /* BasketView.swift */; };
		E43C7FE62884801B001F6D8C /* OrderCollectionViewCell.swift in Sources */ = {isa = PBXBuildFile; fileRef = E43C7FE52884801B001F6D8C /* OrderCollectionViewCell.swift */; };
		E43C7FE82885C61C001F6D8C /* UIImage.swift in Sources */ = {isa = PBXBuildFile; fileRef = E43C7FE72885C61C001F6D8C /* UIImage.swift */; };
		E43C7FEA2886BF85001F6D8C /* Request.swift in Sources */ = {isa = PBXBuildFile; fileRef = E43C7FE92886BF85001F6D8C /* Request.swift */; };
		E43C7FEC2886D03F001F6D8C /* MenuListRequest.swift in Sources */ = {isa = PBXBuildFile; fileRef = E43C7FEB2886D03F001F6D8C /* MenuListRequest.swift */; };
		E43C7FEE28896AEB001F6D8C /* PriceView.swift in Sources */ = {isa = PBXBuildFile; fileRef = E43C7FED28896AEB001F6D8C /* PriceView.swift */; };
		E43C7FF028896C7E001F6D8C /* WeightView.swift in Sources */ = {isa = PBXBuildFile; fileRef = E43C7FEF28896C7E001F6D8C /* WeightView.swift */; };
		E43C7FF42889C114001F6D8C /* BadgeView.swift in Sources */ = {isa = PBXBuildFile; fileRef = E43C7FF32889C113001F6D8C /* BadgeView.swift */; };
		E48D7AA22889DAC100FDDD0F /* Formatter.swift in Sources */ = {isa = PBXBuildFile; fileRef = E48D7AA12889DAC100FDDD0F /* Formatter.swift */; };
		E48DBAC028A458DF00B65644 /* FlowLay.swift in Sources */ = {isa = PBXBuildFile; fileRef = E48DBABF28A458DF00B65644 /* FlowLay.swift */; };
		E49262BC2891436000970B24 /* AboutUsData.swift in Sources */ = {isa = PBXBuildFile; fileRef = E49262BB2891436000970B24 /* AboutUsData.swift */; };
		E4A93C022897EA920017F326 /* UILabel.swift in Sources */ = {isa = PBXBuildFile; fileRef = E4A93C012897EA920017F326 /* UILabel.swift */; };
		E4A93C04289A7A850017F326 /* CollectionReusableView.swift in Sources */ = {isa = PBXBuildFile; fileRef = E4A93C03289A7A850017F326 /* CollectionReusableView.swift */; };
		E4A93C07289AC9EE0017F326 /* DGCarouselFlowLayout in Frameworks */ = {isa = PBXBuildFile; productRef = E4A93C06289AC9EE0017F326 /* DGCarouselFlowLayout */; };
		E4A93C09289AD10A0017F326 /* CustomFavouriteCellCollectionViewCell.swift in Sources */ = {isa = PBXBuildFile; fileRef = E4A93C08289AD10A0017F326 /* CustomFavouriteCellCollectionViewCell.swift */; };
		E4A93C0B289BD2C80017F326 /* Allert.swift in Sources */ = {isa = PBXBuildFile; fileRef = E4A93C0A289BD2C80017F326 /* Allert.swift */; };
		E4A93C0E28A155500017F326 /* SwiftEntryKit in Frameworks */ = {isa = PBXBuildFile; productRef = E4A93C0D28A155500017F326 /* SwiftEntryKit */; };
		E4A93C1028A15AE30017F326 /* CustomAllertView.swift in Sources */ = {isa = PBXBuildFile; fileRef = E4A93C0F28A15AE30017F326 /* CustomAllertView.swift */; };
		E4ABE0B428A3C31D00B7640B /* UIView.swift in Sources */ = {isa = PBXBuildFile; fileRef = E4ABE0B328A3C31D00B7640B /* UIView.swift */; };
		E4ABE0B628A3DBE800B7640B /* TextFieldControlColorProtol.swift in Sources */ = {isa = PBXBuildFile; fileRef = E4ABE0B528A3DBE800B7640B /* TextFieldControlColorProtol.swift */; };
		E4ABE0B828A3F73F00B7640B /* PhoneFieldProtocol.swift in Sources */ = {isa = PBXBuildFile; fileRef = E4ABE0B728A3F73F00B7640B /* PhoneFieldProtocol.swift */; };
		E4ABE0BA28A4138800B7640B /* ToolBar.swift in Sources */ = {isa = PBXBuildFile; fileRef = E4ABE0B928A4138800B7640B /* ToolBar.swift */; };
		E4CEED1128A264C8004A1BEE /* UIViewController.swift in Sources */ = {isa = PBXBuildFile; fileRef = E4CEED1028A264C8004A1BEE /* UIViewController.swift */; };
		E4CEED1428A2808B004A1BEE /* AboutUsDelegate.swift in Sources */ = {isa = PBXBuildFile; fileRef = E4CEED1328A2808B004A1BEE /* AboutUsDelegate.swift */; };
		E4CEED1628A280B4004A1BEE /* AboutUsView.swift in Sources */ = {isa = PBXBuildFile; fileRef = E4CEED1528A280B4004A1BEE /* AboutUsView.swift */; };
		E4E37702287CB532003ED269 /* AppDelegate.swift in Sources */ = {isa = PBXBuildFile; fileRef = E4E37701287CB532003ED269 /* AppDelegate.swift */; };
		E4E37704287CB532003ED269 /* SceneDelegate.swift in Sources */ = {isa = PBXBuildFile; fileRef = E4E37703287CB532003ED269 /* SceneDelegate.swift */; };
		E4E37706287CB532003ED269 /* CatalogViewController.swift in Sources */ = {isa = PBXBuildFile; fileRef = E4E37705287CB532003ED269 /* CatalogViewController.swift */; };
		E4E3770B287CB533003ED269 /* Assets.xcassets in Resources */ = {isa = PBXBuildFile; fileRef = E4E3770A287CB533003ED269 /* Assets.xcassets */; };
		E4E3770E287CB533003ED269 /* LaunchScreen.storyboard in Resources */ = {isa = PBXBuildFile; fileRef = E4E3770C287CB533003ED269 /* LaunchScreen.storyboard */; };
		E4E3771D287CB7CF003ED269 /* ColorExtension.swift in Sources */ = {isa = PBXBuildFile; fileRef = E4E3771C287CB7CF003ED269 /* ColorExtension.swift */; };
		E4E37721287CBB8A003ED269 /* TabBarViewController.swift in Sources */ = {isa = PBXBuildFile; fileRef = E4E37720287CBB8A003ED269 /* TabBarViewController.swift */; };
		E4E37723287CC003003ED269 /* AboutUsViewController.swift in Sources */ = {isa = PBXBuildFile; fileRef = E4E37722287CC003003ED269 /* AboutUsViewController.swift */; };
		E4E37725287CC023003ED269 /* BasketViewController.swift in Sources */ = {isa = PBXBuildFile; fileRef = E4E37724287CC023003ED269 /* BasketViewController.swift */; };
		E4E37727287D5430003ED269 /* TypeView.swift in Sources */ = {isa = PBXBuildFile; fileRef = E4E37726287D5430003ED269 /* TypeView.swift */; };
		E4E3772A287D6B66003ED269 /* MockDataService.swift in Sources */ = {isa = PBXBuildFile; fileRef = E4E37729287D6B66003ED269 /* MockDataService.swift */; };
		E4E3772C287D6CBB003ED269 /* TypeCollectionView.swift in Sources */ = {isa = PBXBuildFile; fileRef = E4E3772B287D6CBB003ED269 /* TypeCollectionView.swift */; };
		E4E3772E287D8113003ED269 /* TypeViewCellCollectionViewCell.swift in Sources */ = {isa = PBXBuildFile; fileRef = E4E3772D287D8113003ED269 /* TypeViewCellCollectionViewCell.swift */; };
/* End PBXBuildFile section */

/* Begin PBXFileReference section */
		E41C6733287DB216001FD5B2 /* CatalogViewDelegate.swift */ = {isa = PBXFileReference; lastKnownFileType = sourcecode.swift; path = CatalogViewDelegate.swift; sourceTree = "<group>"; };
		E41C6735287DB233001FD5B2 /* CatalogView.swift */ = {isa = PBXFileReference; lastKnownFileType = sourcecode.swift; path = CatalogView.swift; sourceTree = "<group>"; };
		E41C6737287DBA6B001FD5B2 /* MenuCollectionViewCell.swift */ = {isa = PBXFileReference; lastKnownFileType = sourcecode.swift; path = MenuCollectionViewCell.swift; sourceTree = "<group>"; };
		E41C6739287DF5CD001FD5B2 /* DishCollectionViewCell.swift */ = {isa = PBXFileReference; lastKnownFileType = sourcecode.swift; path = DishCollectionViewCell.swift; sourceTree = "<group>"; };
		E41C675E287EDB52001FD5B2 /* DishModel.swift */ = {isa = PBXFileReference; lastKnownFileType = sourcecode.swift; path = DishModel.swift; sourceTree = "<group>"; };
		E41C6761287F1C6D001FD5B2 /* FoglihtenNo06_076.otf */ = {isa = PBXFileReference; lastKnownFileType = file; path = FoglihtenNo06_076.otf; sourceTree = "<group>"; };
		E41C6763287F3720001FD5B2 /* Gilroy-Bold.ttf */ = {isa = PBXFileReference; lastKnownFileType = file; path = "Gilroy-Bold.ttf"; sourceTree = "<group>"; };
		E41C6765287F3806001FD5B2 /* Gilroy-Regular.ttf */ = {isa = PBXFileReference; lastKnownFileType = file; path = "Gilroy-Regular.ttf"; sourceTree = "<group>"; };
		E433C89F288C82030036479C /* DeliveryViewController.swift */ = {isa = PBXFileReference; lastKnownFileType = sourcecode.swift; path = DeliveryViewController.swift; sourceTree = "<group>"; };
		E433C8A1288D7DB70036479C /* DeliveryView.swift */ = {isa = PBXFileReference; lastKnownFileType = sourcecode.swift; path = DeliveryView.swift; sourceTree = "<group>"; };
		E433C8A3288D7DC60036479C /* DeliveryDelegate.swift */ = {isa = PBXFileReference; lastKnownFileType = sourcecode.swift; path = DeliveryDelegate.swift; sourceTree = "<group>"; };
		E433C8A5288D98B20036479C /* CustomTextFieldWithInsets.swift */ = {isa = PBXFileReference; lastKnownFileType = sourcecode.swift; path = CustomTextFieldWithInsets.swift; sourceTree = "<group>"; };
		E433C8A7288DA26E0036479C /* TogleView.swift */ = {isa = PBXFileReference; lastKnownFileType = sourcecode.swift; path = TogleView.swift; sourceTree = "<group>"; };
		E433C8A9288EF58B0036479C /* UserInfo.swift */ = {isa = PBXFileReference; lastKnownFileType = sourcecode.swift; path = UserInfo.swift; sourceTree = "<group>"; };
		E433C8AB288FDB510036479C /* BacketViewBackDataDelegate.swift */ = {isa = PBXFileReference; lastKnownFileType = sourcecode.swift; path = BacketViewBackDataDelegate.swift; sourceTree = "<group>"; };
		E43C7FCF28816148001F6D8C /* DishViewController.swift */ = {isa = PBXFileReference; lastKnownFileType = sourcecode.swift; path = DishViewController.swift; sourceTree = "<group>"; };
		E43C7FD12881615B001F6D8C /* DishView.swift */ = {isa = PBXFileReference; lastKnownFileType = sourcecode.swift; path = DishView.swift; sourceTree = "<group>"; };
		E43C7FD328816175001F6D8C /* DishDelegate.swift */ = {isa = PBXFileReference; lastKnownFileType = sourcecode.swift; path = DishDelegate.swift; sourceTree = "<group>"; };
		E43C7FD52882D49B001F6D8C /* Dishes.swift */ = {isa = PBXFileReference; lastKnownFileType = sourcecode.swift; path = Dishes.swift; sourceTree = "<group>"; };
		E43C7FD72882D5DC001F6D8C /* DataService.swift */ = {isa = PBXFileReference; lastKnownFileType = sourcecode.swift; path = DataService.swift; sourceTree = "<group>"; };
		E43C7FDC2883112A001F6D8C /* String.swift */ = {isa = PBXFileReference; lastKnownFileType = sourcecode.swift; path = String.swift; sourceTree = "<group>"; };
		E43C7FDE288419BB001F6D8C /* FoodCountView.swift */ = {isa = PBXFileReference; lastKnownFileType = sourcecode.swift; path = FoodCountView.swift; sourceTree = "<group>"; };
		E43C7FE128847EAF001F6D8C /* BasketDelegate.swift */ = {isa = PBXFileReference; lastKnownFileType = sourcecode.swift; path = BasketDelegate.swift; sourceTree = "<group>"; };
		E43C7FE328847F3F001F6D8C /* BasketView.swift */ = {isa = PBXFileReference; lastKnownFileType = sourcecode.swift; path = BasketView.swift; sourceTree = "<group>"; };
		E43C7FE52884801B001F6D8C /* OrderCollectionViewCell.swift */ = {isa = PBXFileReference; lastKnownFileType = sourcecode.swift; path = OrderCollectionViewCell.swift; sourceTree = "<group>"; };
		E43C7FE72885C61C001F6D8C /* UIImage.swift */ = {isa = PBXFileReference; lastKnownFileType = sourcecode.swift; path = UIImage.swift; sourceTree = "<group>"; };
		E43C7FE92886BF85001F6D8C /* Request.swift */ = {isa = PBXFileReference; lastKnownFileType = sourcecode.swift; path = Request.swift; sourceTree = "<group>"; };
		E43C7FEB2886D03F001F6D8C /* MenuListRequest.swift */ = {isa = PBXFileReference; lastKnownFileType = sourcecode.swift; path = MenuListRequest.swift; sourceTree = "<group>"; };
		E43C7FED28896AEB001F6D8C /* PriceView.swift */ = {isa = PBXFileReference; lastKnownFileType = sourcecode.swift; path = PriceView.swift; sourceTree = "<group>"; };
		E43C7FEF28896C7E001F6D8C /* WeightView.swift */ = {isa = PBXFileReference; lastKnownFileType = sourcecode.swift; path = WeightView.swift; sourceTree = "<group>"; };
		E43C7FF32889C113001F6D8C /* BadgeView.swift */ = {isa = PBXFileReference; lastKnownFileType = sourcecode.swift; path = BadgeView.swift; sourceTree = "<group>"; };
		E48D7AA12889DAC100FDDD0F /* Formatter.swift */ = {isa = PBXFileReference; lastKnownFileType = sourcecode.swift; path = Formatter.swift; sourceTree = "<group>"; };
		E48DBABF28A458DF00B65644 /* FlowLay.swift */ = {isa = PBXFileReference; lastKnownFileType = sourcecode.swift; path = FlowLay.swift; sourceTree = "<group>"; };
		E49262BB2891436000970B24 /* AboutUsData.swift */ = {isa = PBXFileReference; lastKnownFileType = sourcecode.swift; path = AboutUsData.swift; sourceTree = "<group>"; };
		E4A93C012897EA920017F326 /* UILabel.swift */ = {isa = PBXFileReference; lastKnownFileType = sourcecode.swift; path = UILabel.swift; sourceTree = "<group>"; };
		E4A93C03289A7A850017F326 /* CollectionReusableView.swift */ = {isa = PBXFileReference; lastKnownFileType = sourcecode.swift; path = CollectionReusableView.swift; sourceTree = "<group>"; };
		E4A93C08289AD10A0017F326 /* CustomFavouriteCellCollectionViewCell.swift */ = {isa = PBXFileReference; lastKnownFileType = sourcecode.swift; path = CustomFavouriteCellCollectionViewCell.swift; sourceTree = "<group>"; };
		E4A93C0A289BD2C80017F326 /* Allert.swift */ = {isa = PBXFileReference; lastKnownFileType = sourcecode.swift; path = Allert.swift; sourceTree = "<group>"; };
		E4A93C0F28A15AE30017F326 /* CustomAllertView.swift */ = {isa = PBXFileReference; lastKnownFileType = sourcecode.swift; path = CustomAllertView.swift; sourceTree = "<group>"; };
		E4ABE0B328A3C31D00B7640B /* UIView.swift */ = {isa = PBXFileReference; lastKnownFileType = sourcecode.swift; path = UIView.swift; sourceTree = "<group>"; };
		E4ABE0B528A3DBE800B7640B /* TextFieldControlColorProtol.swift */ = {isa = PBXFileReference; lastKnownFileType = sourcecode.swift; path = TextFieldControlColorProtol.swift; sourceTree = "<group>"; };
		E4ABE0B728A3F73F00B7640B /* PhoneFieldProtocol.swift */ = {isa = PBXFileReference; lastKnownFileType = sourcecode.swift; path = PhoneFieldProtocol.swift; sourceTree = "<group>"; };
		E4ABE0B928A4138800B7640B /* ToolBar.swift */ = {isa = PBXFileReference; lastKnownFileType = sourcecode.swift; path = ToolBar.swift; sourceTree = "<group>"; };
		E4CEED1028A264C8004A1BEE /* UIViewController.swift */ = {isa = PBXFileReference; lastKnownFileType = sourcecode.swift; path = UIViewController.swift; sourceTree = "<group>"; };
		E4CEED1328A2808B004A1BEE /* AboutUsDelegate.swift */ = {isa = PBXFileReference; lastKnownFileType = sourcecode.swift; path = AboutUsDelegate.swift; sourceTree = "<group>"; };
		E4CEED1528A280B4004A1BEE /* AboutUsView.swift */ = {isa = PBXFileReference; lastKnownFileType = sourcecode.swift; path = AboutUsView.swift; sourceTree = "<group>"; };
		E4E376FE287CB532003ED269 /* TottoriApp.app */ = {isa = PBXFileReference; explicitFileType = wrapper.application; includeInIndex = 0; path = TottoriApp.app; sourceTree = BUILT_PRODUCTS_DIR; };
		E4E37701287CB532003ED269 /* AppDelegate.swift */ = {isa = PBXFileReference; lastKnownFileType = sourcecode.swift; path = AppDelegate.swift; sourceTree = "<group>"; };
		E4E37703287CB532003ED269 /* SceneDelegate.swift */ = {isa = PBXFileReference; lastKnownFileType = sourcecode.swift; path = SceneDelegate.swift; sourceTree = "<group>"; };
		E4E37705287CB532003ED269 /* CatalogViewController.swift */ = {isa = PBXFileReference; lastKnownFileType = sourcecode.swift; path = CatalogViewController.swift; sourceTree = "<group>"; };
		E4E3770A287CB533003ED269 /* Assets.xcassets */ = {isa = PBXFileReference; lastKnownFileType = folder.assetcatalog; path = Assets.xcassets; sourceTree = "<group>"; };
		E4E3770D287CB533003ED269 /* Base */ = {isa = PBXFileReference; lastKnownFileType = file.storyboard; name = Base; path = Base.lproj/LaunchScreen.storyboard; sourceTree = "<group>"; };
		E4E3770F287CB533003ED269 /* Info.plist */ = {isa = PBXFileReference; lastKnownFileType = text.plist.xml; path = Info.plist; sourceTree = "<group>"; };
		E4E3771C287CB7CF003ED269 /* ColorExtension.swift */ = {isa = PBXFileReference; lastKnownFileType = sourcecode.swift; path = ColorExtension.swift; sourceTree = "<group>"; };
		E4E37720287CBB8A003ED269 /* TabBarViewController.swift */ = {isa = PBXFileReference; lastKnownFileType = sourcecode.swift; path = TabBarViewController.swift; sourceTree = "<group>"; };
		E4E37722287CC003003ED269 /* AboutUsViewController.swift */ = {isa = PBXFileReference; lastKnownFileType = sourcecode.swift; path = AboutUsViewController.swift; sourceTree = "<group>"; };
		E4E37724287CC023003ED269 /* BasketViewController.swift */ = {isa = PBXFileReference; lastKnownFileType = sourcecode.swift; path = BasketViewController.swift; sourceTree = "<group>"; };
		E4E37726287D5430003ED269 /* TypeView.swift */ = {isa = PBXFileReference; lastKnownFileType = sourcecode.swift; path = TypeView.swift; sourceTree = "<group>"; };
		E4E37729287D6B66003ED269 /* MockDataService.swift */ = {isa = PBXFileReference; lastKnownFileType = sourcecode.swift; path = MockDataService.swift; sourceTree = "<group>"; };
		E4E3772B287D6CBB003ED269 /* TypeCollectionView.swift */ = {isa = PBXFileReference; lastKnownFileType = sourcecode.swift; path = TypeCollectionView.swift; sourceTree = "<group>"; };
		E4E3772D287D8113003ED269 /* TypeViewCellCollectionViewCell.swift */ = {isa = PBXFileReference; lastKnownFileType = sourcecode.swift; path = TypeViewCellCollectionViewCell.swift; sourceTree = "<group>"; };
/* End PBXFileReference section */

/* Begin PBXFrameworksBuildPhase section */
		E4E376FB287CB532003ED269 /* Frameworks */ = {
			isa = PBXFrameworksBuildPhase;
			buildActionMask = 2147483647;
			files = (
				E43C7FDB2882E20A001F6D8C /* Kingfisher in Frameworks */,
				E4A93C07289AC9EE0017F326 /* DGCarouselFlowLayout in Frameworks */,
				E4A93C0E28A155500017F326 /* SwiftEntryKit in Frameworks */,
			);
			runOnlyForDeploymentPostprocessing = 0;
		};
/* End PBXFrameworksBuildPhase section */

/* Begin PBXGroup section */
		E41C6732287DB1A8001FD5B2 /* Catalog */ = {
			isa = PBXGroup;
			children = (
				E4E37705287CB532003ED269 /* CatalogViewController.swift */,
				E41C6733287DB216001FD5B2 /* CatalogViewDelegate.swift */,
				E41C6735287DB233001FD5B2 /* CatalogView.swift */,
				E41C6737287DBA6B001FD5B2 /* MenuCollectionViewCell.swift */,
				E41C6739287DF5CD001FD5B2 /* DishCollectionViewCell.swift */,
				E4A93C03289A7A850017F326 /* CollectionReusableView.swift */,
				E4A93C08289AD10A0017F326 /* CustomFavouriteCellCollectionViewCell.swift */,
				E48DBABF28A458DF00B65644 /* FlowLay.swift */,
			);
			path = Catalog;
			sourceTree = "<group>";
		};
		E41C675D287EDB3C001FD5B2 /* Models */ = {
			isa = PBXGroup;
			children = (
				E41C675E287EDB52001FD5B2 /* DishModel.swift */,
				E43C7FD52882D49B001F6D8C /* Dishes.swift */,
			);
			path = Models;
			sourceTree = "<group>";
		};
		E41C6760287F1C4D001FD5B2 /* Fonts */ = {
			isa = PBXGroup;
			children = (
				E41C6765287F3806001FD5B2 /* Gilroy-Regular.ttf */,
				E41C6763287F3720001FD5B2 /* Gilroy-Bold.ttf */,
				E41C6761287F1C6D001FD5B2 /* FoglihtenNo06_076.otf */,
			);
			path = Fonts;
			sourceTree = "<group>";
		};
		E433C89E288C81EA0036479C /* Delivery */ = {
			isa = PBXGroup;
			children = (
				E433C89F288C82030036479C /* DeliveryViewController.swift */,
				E433C8A1288D7DB70036479C /* DeliveryView.swift */,
				E433C8A3288D7DC60036479C /* DeliveryDelegate.swift */,
				E433C8A5288D98B20036479C /* CustomTextFieldWithInsets.swift */,
				E433C8A7288DA26E0036479C /* TogleView.swift */,
				E433C8A9288EF58B0036479C /* UserInfo.swift */,
				E49262BB2891436000970B24 /* AboutUsData.swift */,
				E4A93C0F28A15AE30017F326 /* CustomAllertView.swift */,
				E4ABE0B528A3DBE800B7640B /* TextFieldControlColorProtol.swift */,
				E4ABE0B728A3F73F00B7640B /* PhoneFieldProtocol.swift */,
			);
			path = Delivery;
			sourceTree = "<group>";
		};
		E43C7FCE288160F4001F6D8C /* Dish */ = {
			isa = PBXGroup;
			children = (
				E43C7FCF28816148001F6D8C /* DishViewController.swift */,
				E43C7FD12881615B001F6D8C /* DishView.swift */,
				E43C7FD328816175001F6D8C /* DishDelegate.swift */,
				E43C7FDE288419BB001F6D8C /* FoodCountView.swift */,
				E43C7FED28896AEB001F6D8C /* PriceView.swift */,
				E43C7FEF28896C7E001F6D8C /* WeightView.swift */,
			);
			path = Dish;
			sourceTree = "<group>";
		};
		E43C7FE028847E9B001F6D8C /* Basket */ = {
			isa = PBXGroup;
			children = (
				E4E37724287CC023003ED269 /* BasketViewController.swift */,
				E43C7FE128847EAF001F6D8C /* BasketDelegate.swift */,
				E43C7FE328847F3F001F6D8C /* BasketView.swift */,
				E43C7FE52884801B001F6D8C /* OrderCollectionViewCell.swift */,
				E433C8AB288FDB510036479C /* BacketViewBackDataDelegate.swift */,
			);
			path = Basket;
			sourceTree = "<group>";
		};
		E4CEED1228A2651F004A1BEE /* AboutUs */ = {
			isa = PBXGroup;
			children = (
				E4E37722287CC003003ED269 /* AboutUsViewController.swift */,
				E4CEED1328A2808B004A1BEE /* AboutUsDelegate.swift */,
				E4CEED1528A280B4004A1BEE /* AboutUsView.swift */,
			);
			path = AboutUs;
			sourceTree = "<group>";
		};
		E4E376F5287CB532003ED269 = {
			isa = PBXGroup;
			children = (
				E4E37700287CB532003ED269 /* TottoriApp */,
				E4E376FF287CB532003ED269 /* Products */,
			);
			sourceTree = "<group>";
		};
		E4E376FF287CB532003ED269 /* Products */ = {
			isa = PBXGroup;
			children = (
				E4E376FE287CB532003ED269 /* TottoriApp.app */,
			);
			name = Products;
			sourceTree = "<group>";
		};
		E4E37700287CB532003ED269 /* TottoriApp */ = {
			isa = PBXGroup;
			children = (
				E433C89E288C81EA0036479C /* Delivery */,
				E43C7FE028847E9B001F6D8C /* Basket */,
				E43C7FCE288160F4001F6D8C /* Dish */,
				E4CEED1228A2651F004A1BEE /* AboutUs */,
				E41C6760287F1C4D001FD5B2 /* Fonts */,
				E41C675D287EDB3C001FD5B2 /* Models */,
				E41C6732287DB1A8001FD5B2 /* Catalog */,
				E4E37728287D6B4B003ED269 /* DataService */,
				E4E3771B287CB7B9003ED269 /* Extensions */,
				E4E37717287CB754003ED269 /* Controllers */,
				E4E37715287CB59E003ED269 /* Delegates */,
				E4E3770A287CB533003ED269 /* Assets.xcassets */,
				E4E37718287CB776003ED269 /* ViewsDeprecated */,
				E4E3770C287CB533003ED269 /* LaunchScreen.storyboard */,
				E4E3770F287CB533003ED269 /* Info.plist */,
			);
			path = TottoriApp;
			sourceTree = "<group>";
		};
		E4E37715287CB59E003ED269 /* Delegates */ = {
			isa = PBXGroup;
			children = (
				E4E37701287CB532003ED269 /* AppDelegate.swift */,
				E4E37703287CB532003ED269 /* SceneDelegate.swift */,
			);
			path = Delegates;
			sourceTree = "<group>";
		};
		E4E37717287CB754003ED269 /* Controllers */ = {
			isa = PBXGroup;
			children = (
				E4E37720287CBB8A003ED269 /* TabBarViewController.swift */,
				E43C7FF32889C113001F6D8C /* BadgeView.swift */,
			);
			path = Controllers;
			sourceTree = "<group>";
		};
		E4E37718287CB776003ED269 /* ViewsDeprecated */ = {
			isa = PBXGroup;
			children = (
				E4E3772B287D6CBB003ED269 /* TypeCollectionView.swift */,
				E4E37726287D5430003ED269 /* TypeView.swift */,
				E4E3772D287D8113003ED269 /* TypeViewCellCollectionViewCell.swift */,
			);
			path = ViewsDeprecated;
			sourceTree = "<group>";
		};
		E4E3771B287CB7B9003ED269 /* Extensions */ = {
			isa = PBXGroup;
			children = (
				E4E3771C287CB7CF003ED269 /* ColorExtension.swift */,
				E43C7FDC2883112A001F6D8C /* String.swift */,
				E43C7FE72885C61C001F6D8C /* UIImage.swift */,
				E48D7AA12889DAC100FDDD0F /* Formatter.swift */,
				E4A93C012897EA920017F326 /* UILabel.swift */,
				E4A93C0A289BD2C80017F326 /* Allert.swift */,
				E4CEED1028A264C8004A1BEE /* UIViewController.swift */,
				E4ABE0B328A3C31D00B7640B /* UIView.swift */,
				E4ABE0B928A4138800B7640B /* ToolBar.swift */,
			);
			path = Extensions;
			sourceTree = "<group>";
		};
		E4E37728287D6B4B003ED269 /* DataService */ = {
			isa = PBXGroup;
			children = (
				E4E37729287D6B66003ED269 /* MockDataService.swift */,
				E43C7FD72882D5DC001F6D8C /* DataService.swift */,
				E43C7FE92886BF85001F6D8C /* Request.swift */,
				E43C7FEB2886D03F001F6D8C /* MenuListRequest.swift */,
			);
			path = DataService;
			sourceTree = "<group>";
		};
/* End PBXGroup section */

/* Begin PBXNativeTarget section */
		E4E376FD287CB532003ED269 /* TottoriApp */ = {
			isa = PBXNativeTarget;
			buildConfigurationList = E4E37712287CB533003ED269 /* Build configuration list for PBXNativeTarget "TottoriApp" */;
			buildPhases = (
				E4E376FA287CB532003ED269 /* Sources */,
				E4E376FB287CB532003ED269 /* Frameworks */,
				E4E376FC287CB532003ED269 /* Resources */,
			);
			buildRules = (
			);
			dependencies = (
			);
			name = TottoriApp;
			packageProductDependencies = (
				E43C7FDA2882E20A001F6D8C /* Kingfisher */,
				E4A93C06289AC9EE0017F326 /* DGCarouselFlowLayout */,
				E4A93C0D28A155500017F326 /* SwiftEntryKit */,
			);
			productName = TottoriApp;
			productReference = E4E376FE287CB532003ED269 /* TottoriApp.app */;
			productType = "com.apple.product-type.application";
		};
/* End PBXNativeTarget section */

/* Begin PBXProject section */
		E4E376F6287CB532003ED269 /* Project object */ = {
			isa = PBXProject;
			attributes = {
				BuildIndependentTargetsInParallel = 1;
				LastSwiftUpdateCheck = 1320;
				LastUpgradeCheck = 1320;
				TargetAttributes = {
					E4E376FD287CB532003ED269 = {
						CreatedOnToolsVersion = 13.2.1;
					};
				};
			};
			buildConfigurationList = E4E376F9287CB532003ED269 /* Build configuration list for PBXProject "TottoriApp" */;
			compatibilityVersion = "Xcode 13.0";
			developmentRegion = en;
			hasScannedForEncodings = 0;
			knownRegions = (
				en,
				Base,
			);
			mainGroup = E4E376F5287CB532003ED269;
			packageReferences = (
				E43C7FD92882E20A001F6D8C /* XCRemoteSwiftPackageReference "Kingfisher" */,
				E4A93C05289AC9EE0017F326 /* XCRemoteSwiftPackageReference "DGCarouselFlowLayout" */,
				E4A93C0C28A155500017F326 /* XCRemoteSwiftPackageReference "SwiftEntryKit" */,
			);
			productRefGroup = E4E376FF287CB532003ED269 /* Products */;
			projectDirPath = "";
			projectRoot = "";
			targets = (
				E4E376FD287CB532003ED269 /* TottoriApp */,
			);
		};
/* End PBXProject section */

/* Begin PBXResourcesBuildPhase section */
		E4E376FC287CB532003ED269 /* Resources */ = {
			isa = PBXResourcesBuildPhase;
			buildActionMask = 2147483647;
			files = (
				E41C6766287F3806001FD5B2 /* Gilroy-Regular.ttf in Resources */,
				E4E3770E287CB533003ED269 /* LaunchScreen.storyboard in Resources */,
				E4E3770B287CB533003ED269 /* Assets.xcassets in Resources */,
				E41C6762287F1C6D001FD5B2 /* FoglihtenNo06_076.otf in Resources */,
				E41C6764287F3720001FD5B2 /* Gilroy-Bold.ttf in Resources */,
			);
			runOnlyForDeploymentPostprocessing = 0;
		};
/* End PBXResourcesBuildPhase section */

/* Begin PBXSourcesBuildPhase section */
		E4E376FA287CB532003ED269 /* Sources */ = {
			isa = PBXSourcesBuildPhase;
			buildActionMask = 2147483647;
			files = (
				E48D7AA22889DAC100FDDD0F /* Formatter.swift in Sources */,
				E4E3772C287D6CBB003ED269 /* TypeCollectionView.swift in Sources */,
				E4ABE0B628A3DBE800B7640B /* TextFieldControlColorProtol.swift in Sources */,
				E4ABE0B828A3F73F00B7640B /* PhoneFieldProtocol.swift in Sources */,
				E43C7FE82885C61C001F6D8C /* UIImage.swift in Sources */,
				E41C6738287DBA6B001FD5B2 /* MenuCollectionViewCell.swift in Sources */,
				E43C7FD428816175001F6D8C /* DishDelegate.swift in Sources */,
				E41C6736287DB233001FD5B2 /* CatalogView.swift in Sources */,
				E43C7FE228847EAF001F6D8C /* BasketDelegate.swift in Sources */,
				E41C675F287EDB52001FD5B2 /* DishModel.swift in Sources */,
				E433C8A2288D7DB70036479C /* DeliveryView.swift in Sources */,
				E4E37706287CB532003ED269 /* CatalogViewController.swift in Sources */,
				E4E3772E287D8113003ED269 /* TypeViewCellCollectionViewCell.swift in Sources */,
				E433C8A6288D98B20036479C /* CustomTextFieldWithInsets.swift in Sources */,
				E433C8AC288FDB510036479C /* BacketViewBackDataDelegate.swift in Sources */,
				E4A93C09289AD10A0017F326 /* CustomFavouriteCellCollectionViewCell.swift in Sources */,
				E4CEED1428A2808B004A1BEE /* AboutUsDelegate.swift in Sources */,
				E4E37702287CB532003ED269 /* AppDelegate.swift in Sources */,
				E4E37725287CC023003ED269 /* BasketViewController.swift in Sources */,
				E43C7FE428847F3F001F6D8C /* BasketView.swift in Sources */,
				E4A93C022897EA920017F326 /* UILabel.swift in Sources */,
				E43C7FDF288419BB001F6D8C /* FoodCountView.swift in Sources */,
				E4ABE0B428A3C31D00B7640B /* UIView.swift in Sources */,
				E43C7FEC2886D03F001F6D8C /* MenuListRequest.swift in Sources */,
				E43C7FEE28896AEB001F6D8C /* PriceView.swift in Sources */,
				E41C673A287DF5CD001FD5B2 /* DishCollectionViewCell.swift in Sources */,
				E43C7FE62884801B001F6D8C /* OrderCollectionViewCell.swift in Sources */,
				E4E37704287CB532003ED269 /* SceneDelegate.swift in Sources */,
				E43C7FF028896C7E001F6D8C /* WeightView.swift in Sources */,
				E4ABE0BA28A4138800B7640B /* ToolBar.swift in Sources */,
				E48DBAC028A458DF00B65644 /* FlowLay.swift in Sources */,
				E49262BC2891436000970B24 /* AboutUsData.swift in Sources */,
				E43C7FD62882D49B001F6D8C /* Dishes.swift in Sources */,
				E433C8A8288DA26E0036479C /* TogleView.swift in Sources */,
				E43C7FDD2883112A001F6D8C /* String.swift in Sources */,
				E43C7FD028816148001F6D8C /* DishViewController.swift in Sources */,
				E4E3772A287D6B66003ED269 /* MockDataService.swift in Sources */,
				E4CEED1128A264C8004A1BEE /* UIViewController.swift in Sources */,
				E4E37721287CBB8A003ED269 /* TabBarViewController.swift in Sources */,
				E4CEED1628A280B4004A1BEE /* AboutUsView.swift in Sources */,
				E43C7FF42889C114001F6D8C /* BadgeView.swift in Sources */,
				E433C8A0288C82030036479C /* DeliveryViewController.swift in Sources */,
				E43C7FD82882D5DC001F6D8C /* DataService.swift in Sources */,
				E4E37723287CC003003ED269 /* AboutUsViewController.swift in Sources */,
				E43C7FD22881615B001F6D8C /* DishView.swift in Sources */,
				E41C6734287DB216001FD5B2 /* CatalogViewDelegate.swift in Sources */,
				E4A93C04289A7A850017F326 /* CollectionReusableView.swift in Sources */,
				E4A93C0B289BD2C80017F326 /* Allert.swift in Sources */,
				E433C8AA288EF58B0036479C /* UserInfo.swift in Sources */,
				E4A93C1028A15AE30017F326 /* CustomAllertView.swift in Sources */,
				E433C8A4288D7DC60036479C /* DeliveryDelegate.swift in Sources */,
				E43C7FEA2886BF85001F6D8C /* Request.swift in Sources */,
				E4E37727287D5430003ED269 /* TypeView.swift in Sources */,
				E4E3771D287CB7CF003ED269 /* ColorExtension.swift in Sources */,
			);
			runOnlyForDeploymentPostprocessing = 0;
		};
/* End PBXSourcesBuildPhase section */

/* Begin PBXVariantGroup section */
		E4E3770C287CB533003ED269 /* LaunchScreen.storyboard */ = {
			isa = PBXVariantGroup;
			children = (
				E4E3770D287CB533003ED269 /* Base */,
			);
			name = LaunchScreen.storyboard;
			sourceTree = "<group>";
		};
/* End PBXVariantGroup section */

/* Begin XCBuildConfiguration section */
		E4E37710287CB533003ED269 /* Debug */ = {
			isa = XCBuildConfiguration;
			buildSettings = {
				ALWAYS_SEARCH_USER_PATHS = NO;
				CLANG_ANALYZER_NONNULL = YES;
				CLANG_ANALYZER_NUMBER_OBJECT_CONVERSION = YES_AGGRESSIVE;
				CLANG_CXX_LANGUAGE_STANDARD = "gnu++17";
				CLANG_CXX_LIBRARY = "libc++";
				CLANG_ENABLE_MODULES = YES;
				CLANG_ENABLE_OBJC_ARC = YES;
				CLANG_ENABLE_OBJC_WEAK = YES;
				CLANG_WARN_BLOCK_CAPTURE_AUTORELEASING = YES;
				CLANG_WARN_BOOL_CONVERSION = YES;
				CLANG_WARN_COMMA = YES;
				CLANG_WARN_CONSTANT_CONVERSION = YES;
				CLANG_WARN_DEPRECATED_OBJC_IMPLEMENTATIONS = YES;
				CLANG_WARN_DIRECT_OBJC_ISA_USAGE = YES_ERROR;
				CLANG_WARN_DOCUMENTATION_COMMENTS = YES;
				CLANG_WARN_EMPTY_BODY = YES;
				CLANG_WARN_ENUM_CONVERSION = YES;
				CLANG_WARN_INFINITE_RECURSION = YES;
				CLANG_WARN_INT_CONVERSION = YES;
				CLANG_WARN_NON_LITERAL_NULL_CONVERSION = YES;
				CLANG_WARN_OBJC_IMPLICIT_RETAIN_SELF = YES;
				CLANG_WARN_OBJC_LITERAL_CONVERSION = YES;
				CLANG_WARN_OBJC_ROOT_CLASS = YES_ERROR;
				CLANG_WARN_QUOTED_INCLUDE_IN_FRAMEWORK_HEADER = YES;
				CLANG_WARN_RANGE_LOOP_ANALYSIS = YES;
				CLANG_WARN_STRICT_PROTOTYPES = YES;
				CLANG_WARN_SUSPICIOUS_MOVE = YES;
				CLANG_WARN_UNGUARDED_AVAILABILITY = YES_AGGRESSIVE;
				CLANG_WARN_UNREACHABLE_CODE = YES;
				CLANG_WARN__DUPLICATE_METHOD_MATCH = YES;
				COPY_PHASE_STRIP = NO;
				DEBUG_INFORMATION_FORMAT = dwarf;
				ENABLE_STRICT_OBJC_MSGSEND = YES;
				ENABLE_TESTABILITY = YES;
				GCC_C_LANGUAGE_STANDARD = gnu11;
				GCC_DYNAMIC_NO_PIC = NO;
				GCC_NO_COMMON_BLOCKS = YES;
				GCC_OPTIMIZATION_LEVEL = 0;
				GCC_PREPROCESSOR_DEFINITIONS = (
					"DEBUG=1",
					"$(inherited)",
				);
				GCC_WARN_64_TO_32_BIT_CONVERSION = YES;
				GCC_WARN_ABOUT_RETURN_TYPE = YES_ERROR;
				GCC_WARN_UNDECLARED_SELECTOR = YES;
				GCC_WARN_UNINITIALIZED_AUTOS = YES_AGGRESSIVE;
				GCC_WARN_UNUSED_FUNCTION = YES;
				GCC_WARN_UNUSED_VARIABLE = YES;
				IPHONEOS_DEPLOYMENT_TARGET = 15.2;
				MTL_ENABLE_DEBUG_INFO = INCLUDE_SOURCE;
				MTL_FAST_MATH = YES;
				ONLY_ACTIVE_ARCH = YES;
				SDKROOT = iphoneos;
				SWIFT_ACTIVE_COMPILATION_CONDITIONS = DEBUG;
				SWIFT_OPTIMIZATION_LEVEL = "-Onone";
			};
			name = Debug;
		};
		E4E37711287CB533003ED269 /* Release */ = {
			isa = XCBuildConfiguration;
			buildSettings = {
				ALWAYS_SEARCH_USER_PATHS = NO;
				CLANG_ANALYZER_NONNULL = YES;
				CLANG_ANALYZER_NUMBER_OBJECT_CONVERSION = YES_AGGRESSIVE;
				CLANG_CXX_LANGUAGE_STANDARD = "gnu++17";
				CLANG_CXX_LIBRARY = "libc++";
				CLANG_ENABLE_MODULES = YES;
				CLANG_ENABLE_OBJC_ARC = YES;
				CLANG_ENABLE_OBJC_WEAK = YES;
				CLANG_WARN_BLOCK_CAPTURE_AUTORELEASING = YES;
				CLANG_WARN_BOOL_CONVERSION = YES;
				CLANG_WARN_COMMA = YES;
				CLANG_WARN_CONSTANT_CONVERSION = YES;
				CLANG_WARN_DEPRECATED_OBJC_IMPLEMENTATIONS = YES;
				CLANG_WARN_DIRECT_OBJC_ISA_USAGE = YES_ERROR;
				CLANG_WARN_DOCUMENTATION_COMMENTS = YES;
				CLANG_WARN_EMPTY_BODY = YES;
				CLANG_WARN_ENUM_CONVERSION = YES;
				CLANG_WARN_INFINITE_RECURSION = YES;
				CLANG_WARN_INT_CONVERSION = YES;
				CLANG_WARN_NON_LITERAL_NULL_CONVERSION = YES;
				CLANG_WARN_OBJC_IMPLICIT_RETAIN_SELF = YES;
				CLANG_WARN_OBJC_LITERAL_CONVERSION = YES;
				CLANG_WARN_OBJC_ROOT_CLASS = YES_ERROR;
				CLANG_WARN_QUOTED_INCLUDE_IN_FRAMEWORK_HEADER = YES;
				CLANG_WARN_RANGE_LOOP_ANALYSIS = YES;
				CLANG_WARN_STRICT_PROTOTYPES = YES;
				CLANG_WARN_SUSPICIOUS_MOVE = YES;
				CLANG_WARN_UNGUARDED_AVAILABILITY = YES_AGGRESSIVE;
				CLANG_WARN_UNREACHABLE_CODE = YES;
				CLANG_WARN__DUPLICATE_METHOD_MATCH = YES;
				COPY_PHASE_STRIP = NO;
				DEBUG_INFORMATION_FORMAT = "dwarf-with-dsym";
				ENABLE_NS_ASSERTIONS = NO;
				ENABLE_STRICT_OBJC_MSGSEND = YES;
				GCC_C_LANGUAGE_STANDARD = gnu11;
				GCC_NO_COMMON_BLOCKS = YES;
				GCC_WARN_64_TO_32_BIT_CONVERSION = YES;
				GCC_WARN_ABOUT_RETURN_TYPE = YES_ERROR;
				GCC_WARN_UNDECLARED_SELECTOR = YES;
				GCC_WARN_UNINITIALIZED_AUTOS = YES_AGGRESSIVE;
				GCC_WARN_UNUSED_FUNCTION = YES;
				GCC_WARN_UNUSED_VARIABLE = YES;
				IPHONEOS_DEPLOYMENT_TARGET = 15.2;
				MTL_ENABLE_DEBUG_INFO = NO;
				MTL_FAST_MATH = YES;
				SDKROOT = iphoneos;
				SWIFT_COMPILATION_MODE = wholemodule;
				SWIFT_OPTIMIZATION_LEVEL = "-O";
				VALIDATE_PRODUCT = YES;
			};
			name = Release;
		};
		E4E37713287CB533003ED269 /* Debug */ = {
			isa = XCBuildConfiguration;
			buildSettings = {
				ASSETCATALOG_COMPILER_APPICON_NAME = AppIcon;
				ASSETCATALOG_COMPILER_GLOBAL_ACCENT_COLOR_NAME = AccentColor;
				CODE_SIGN_STYLE = Automatic;
				CURRENT_PROJECT_VERSION = 1;
				DEVELOPMENT_TEAM = 3YX3ZC2FDS;
				GENERATE_INFOPLIST_FILE = YES;
				INFOPLIST_FILE = TottoriApp/Info.plist;
				INFOPLIST_KEY_UIApplicationSupportsIndirectInputEvents = YES;
				INFOPLIST_KEY_UILaunchStoryboardName = LaunchScreen;
				INFOPLIST_KEY_UISupportedInterfaceOrientations_iPad = "UIInterfaceOrientationPortrait UIInterfaceOrientationPortraitUpsideDown UIInterfaceOrientationLandscapeLeft UIInterfaceOrientationLandscapeRight";
				INFOPLIST_KEY_UISupportedInterfaceOrientations_iPhone = "UIInterfaceOrientationPortrait UIInterfaceOrientationLandscapeLeft UIInterfaceOrientationLandscapeRight";
				LD_RUNPATH_SEARCH_PATHS = (
					"$(inherited)",
					"@executable_path/Frameworks",
				);
				MARKETING_VERSION = 1.0;
				PRODUCT_BUNDLE_IDENTIFIER = egor.TottoriApp;
				PRODUCT_NAME = "$(TARGET_NAME)";
				SWIFT_EMIT_LOC_STRINGS = YES;
				SWIFT_VERSION = 5.0;
				TARGETED_DEVICE_FAMILY = "1,2";
			};
			name = Debug;
		};
		E4E37714287CB533003ED269 /* Release */ = {
			isa = XCBuildConfiguration;
			buildSettings = {
				ASSETCATALOG_COMPILER_APPICON_NAME = AppIcon;
				ASSETCATALOG_COMPILER_GLOBAL_ACCENT_COLOR_NAME = AccentColor;
				CODE_SIGN_STYLE = Automatic;
				CURRENT_PROJECT_VERSION = 1;
				DEVELOPMENT_TEAM = 3YX3ZC2FDS;
				GENERATE_INFOPLIST_FILE = YES;
				INFOPLIST_FILE = TottoriApp/Info.plist;
				INFOPLIST_KEY_UIApplicationSupportsIndirectInputEvents = YES;
				INFOPLIST_KEY_UILaunchStoryboardName = LaunchScreen;
				INFOPLIST_KEY_UISupportedInterfaceOrientations_iPad = "UIInterfaceOrientationPortrait UIInterfaceOrientationPortraitUpsideDown UIInterfaceOrientationLandscapeLeft UIInterfaceOrientationLandscapeRight";
				INFOPLIST_KEY_UISupportedInterfaceOrientations_iPhone = "UIInterfaceOrientationPortrait UIInterfaceOrientationLandscapeLeft UIInterfaceOrientationLandscapeRight";
				LD_RUNPATH_SEARCH_PATHS = (
					"$(inherited)",
					"@executable_path/Frameworks",
				);
				MARKETING_VERSION = 1.0;
				PRODUCT_BUNDLE_IDENTIFIER = egor.TottoriApp;
				PRODUCT_NAME = "$(TARGET_NAME)";
				SWIFT_EMIT_LOC_STRINGS = YES;
				SWIFT_VERSION = 5.0;
				TARGETED_DEVICE_FAMILY = "1,2";
			};
			name = Release;
		};
/* End XCBuildConfiguration section */

/* Begin XCConfigurationList section */
		E4E376F9287CB532003ED269 /* Build configuration list for PBXProject "TottoriApp" */ = {
			isa = XCConfigurationList;
			buildConfigurations = (
				E4E37710287CB533003ED269 /* Debug */,
				E4E37711287CB533003ED269 /* Release */,
			);
			defaultConfigurationIsVisible = 0;
			defaultConfigurationName = Release;
		};
		E4E37712287CB533003ED269 /* Build configuration list for PBXNativeTarget "TottoriApp" */ = {
			isa = XCConfigurationList;
			buildConfigurations = (
				E4E37713287CB533003ED269 /* Debug */,
				E4E37714287CB533003ED269 /* Release */,
			);
			defaultConfigurationIsVisible = 0;
			defaultConfigurationName = Release;
		};
/* End XCConfigurationList section */

/* Begin XCRemoteSwiftPackageReference section */
		E43C7FD92882E20A001F6D8C /* XCRemoteSwiftPackageReference "Kingfisher" */ = {
			isa = XCRemoteSwiftPackageReference;
			repositoryURL = "https://github.com/onevcat/Kingfisher.git";
			requirement = {
				kind = upToNextMajorVersion;
				minimumVersion = 7.0.0;
			};
		};
		E4A93C05289AC9EE0017F326 /* XCRemoteSwiftPackageReference "DGCarouselFlowLayout" */ = {
			isa = XCRemoteSwiftPackageReference;
			repositoryURL = "https://github.com/donggyushin/DGCarouselFlowLayout";
			requirement = {
				branch = main;
				kind = branch;
			};
		};
		E4A93C0C28A155500017F326 /* XCRemoteSwiftPackageReference "SwiftEntryKit" */ = {
			isa = XCRemoteSwiftPackageReference;
			repositoryURL = "https://github.com/huri000/SwiftEntryKit.git";
			requirement = {
				kind = upToNextMajorVersion;
				minimumVersion = 2.0.0;
			};
		};
/* End XCRemoteSwiftPackageReference section */

/* Begin XCSwiftPackageProductDependency section */
		E43C7FDA2882E20A001F6D8C /* Kingfisher */ = {
			isa = XCSwiftPackageProductDependency;
			package = E43C7FD92882E20A001F6D8C /* XCRemoteSwiftPackageReference "Kingfisher" */;
			productName = Kingfisher;
		};
		E4A93C06289AC9EE0017F326 /* DGCarouselFlowLayout */ = {
			isa = XCSwiftPackageProductDependency;
			package = E4A93C05289AC9EE0017F326 /* XCRemoteSwiftPackageReference "DGCarouselFlowLayout" */;
			productName = DGCarouselFlowLayout;
		};
		E4A93C0D28A155500017F326 /* SwiftEntryKit */ = {
			isa = XCSwiftPackageProductDependency;
			package = E4A93C0C28A155500017F326 /* XCRemoteSwiftPackageReference "SwiftEntryKit" */;
			productName = SwiftEntryKit;
		};
/* End XCSwiftPackageProductDependency section */
	};
	rootObject = E4E376F6287CB532003ED269 /* Project object */;
}
