// !$*UTF8*$!
{
	archiveVersion = 1;
	classes = {
	};
	objectVersion = 55;
	objects = {

/* Begin PBXBuildFile section */
		E4085C2F28C09DFC003B4B75 /* MapView.swift in Sources */ = {isa = PBXBuildFile; fileRef = E4085C2E28C09DFC003B4B75 /* MapView.swift */; };
		E4085C3128C0A716003B4B75 /* InternetAvailability.swift in Sources */ = {isa = PBXBuildFile; fileRef = E4085C3028C0A716003B4B75 /* InternetAvailability.swift */; };
		E4085C3528C260DA003B4B75 /* Localizable.strings in Resources */ = {isa = PBXBuildFile; fileRef = E4085C3728C260DA003B4B75 /* Localizable.strings */; };
		E4085C3C28C4B814003B4B75 /* WeightAndPriceView.swift in Sources */ = {isa = PBXBuildFile; fileRef = E4085C3B28C4B814003B4B75 /* WeightAndPriceView.swift */; };
		E4085C3E28C503B1003B4B75 /* PlusButton.swift in Sources */ = {isa = PBXBuildFile; fileRef = E4085C3D28C503B1003B4B75 /* PlusButton.swift */; };
		E4085C4028C503CC003B4B75 /* MinusButton.swift in Sources */ = {isa = PBXBuildFile; fileRef = E4085C3F28C503CC003B4B75 /* MinusButton.swift */; };
		E4085C4228C50C92003B4B75 /* ImageWithIndexes.swift in Sources */ = {isa = PBXBuildFile; fileRef = E4085C4128C50C92003B4B75 /* ImageWithIndexes.swift */; };
		E4085C4428C50C9F003B4B75 /* TextWithIndexes.swift in Sources */ = {isa = PBXBuildFile; fileRef = E4085C4328C50C9F003B4B75 /* TextWithIndexes.swift */; };
		E41C6734287DB216001FD5B2 /* CatalogViewDelegate.swift in Sources */ = {isa = PBXBuildFile; fileRef = E41C6733287DB216001FD5B2 /* CatalogViewDelegate.swift */; };
		E41C6736287DB233001FD5B2 /* CatalogView.swift in Sources */ = {isa = PBXBuildFile; fileRef = E41C6735287DB233001FD5B2 /* CatalogView.swift */; };
		E41C6738287DBA6B001FD5B2 /* MenuCollectionViewCell.swift in Sources */ = {isa = PBXBuildFile; fileRef = E41C6737287DBA6B001FD5B2 /* MenuCollectionViewCell.swift */; };
		E41C673A287DF5CD001FD5B2 /* DishCollectionViewCell.swift in Sources */ = {isa = PBXBuildFile; fileRef = E41C6739287DF5CD001FD5B2 /* DishCollectionViewCell.swift */; };
		E41C6762287F1C6D001FD5B2 /* FoglihtenNo06_076.otf in Resources */ = {isa = PBXBuildFile; fileRef = E41C6761287F1C6D001FD5B2 /* FoglihtenNo06_076.otf */; };
		E41C6764287F3720001FD5B2 /* Gilroy-Bold.ttf in Resources */ = {isa = PBXBuildFile; fileRef = E41C6763287F3720001FD5B2 /* Gilroy-Bold.ttf */; };
		E41C6766287F3806001FD5B2 /* Gilroy-Regular.ttf in Resources */ = {isa = PBXBuildFile; fileRef = E41C6765287F3806001FD5B2 /* Gilroy-Regular.ttf */; };
		E423CD0128C79CD800A8D7D8 /* TwoDimenIndex.swift in Sources */ = {isa = PBXBuildFile; fileRef = E423CD0028C79CD800A8D7D8 /* TwoDimenIndex.swift */; };
		E433C8A0288C82030036479C /* DeliveryViewController.swift in Sources */ = {isa = PBXBuildFile; fileRef = E433C89F288C82030036479C /* DeliveryViewController.swift */; };
		E433C8A2288D7DB70036479C /* DeliveryView.swift in Sources */ = {isa = PBXBuildFile; fileRef = E433C8A1288D7DB70036479C /* DeliveryView.swift */; };
		E433C8A4288D7DC60036479C /* DeliveryDelegate.swift in Sources */ = {isa = PBXBuildFile; fileRef = E433C8A3288D7DC60036479C /* DeliveryDelegate.swift */; };
		E433C8A6288D98B20036479C /* CustomTextFieldWithInsets.swift in Sources */ = {isa = PBXBuildFile; fileRef = E433C8A5288D98B20036479C /* CustomTextFieldWithInsets.swift */; };
		E433C8A8288DA26E0036479C /* TogleView.swift in Sources */ = {isa = PBXBuildFile; fileRef = E433C8A7288DA26E0036479C /* TogleView.swift */; };
		E433C8AA288EF58B0036479C /* UserInfo.swift in Sources */ = {isa = PBXBuildFile; fileRef = E433C8A9288EF58B0036479C /* UserInfo.swift */; };
		E433C8AC288FDB510036479C /* BacketViewBackDataDelegate.swift in Sources */ = {isa = PBXBuildFile; fileRef = E433C8AB288FDB510036479C /* BacketViewBackDataDelegate.swift */; };
		E43C7FD028816148001F6D8C /* DishViewController.swift in Sources */ = {isa = PBXBuildFile; fileRef = E43C7FCF28816148001F6D8C /* DishViewController.swift */; };
		E43C7FD22881615B001F6D8C /* DishView.swift in Sources */ = {isa = PBXBuildFile; fileRef = E43C7FD12881615B001F6D8C /* DishView.swift */; };
		E43C7FD428816175001F6D8C /* DishDelegate.swift in Sources */ = {isa = PBXBuildFile; fileRef = E43C7FD328816175001F6D8C /* DishDelegate.swift */; };
		E43C7FD62882D49B001F6D8C /* Dishes.swift in Sources */ = {isa = PBXBuildFile; fileRef = E43C7FD52882D49B001F6D8C /* Dishes.swift */; };
		E43C7FD82882D5DC001F6D8C /* DataService.swift in Sources */ = {isa = PBXBuildFile; fileRef = E43C7FD72882D5DC001F6D8C /* DataService.swift */; };
		E43C7FDB2882E20A001F6D8C /* Kingfisher in Frameworks */ = {isa = PBXBuildFile; productRef = E43C7FDA2882E20A001F6D8C /* Kingfisher */; };
		E43C7FDD2883112A001F6D8C /* String.swift in Sources */ = {isa = PBXBuildFile; fileRef = E43C7FDC2883112A001F6D8C /* String.swift */; };
		E43C7FDF288419BB001F6D8C /* FoodCountView.swift in Sources */ = {isa = PBXBuildFile; fileRef = E43C7FDE288419BB001F6D8C /* FoodCountView.swift */; };
		E43C7FE228847EAF001F6D8C /* BasketDelegate.swift in Sources */ = {isa = PBXBuildFile; fileRef = E43C7FE128847EAF001F6D8C /* BasketDelegate.swift */; };
		E43C7FE428847F3F001F6D8C /* BasketView.swift in Sources */ = {isa = PBXBuildFile; fileRef = E43C7FE328847F3F001F6D8C /* BasketView.swift */; };
		E43C7FE62884801B001F6D8C /* OrderCollectionViewCell.swift in Sources */ = {isa = PBXBuildFile; fileRef = E43C7FE52884801B001F6D8C /* OrderCollectionViewCell.swift */; };
		E43C7FE82885C61C001F6D8C /* UIImage.swift in Sources */ = {isa = PBXBuildFile; fileRef = E43C7FE72885C61C001F6D8C /* UIImage.swift */; };
		E43C7FEC2886D03F001F6D8C /* MenuListRequest.swift in Sources */ = {isa = PBXBuildFile; fileRef = E43C7FEB2886D03F001F6D8C /* MenuListRequest.swift */; };
		E45857A028C5FC800017D99F /* WeightTableViewController.swift in Sources */ = {isa = PBXBuildFile; fileRef = E458579F28C5FC800017D99F /* WeightTableViewController.swift */; };
		E45857A228C632950017D99F /* WeightTableViewCell.swift in Sources */ = {isa = PBXBuildFile; fileRef = E45857A128C632950017D99F /* WeightTableViewCell.swift */; };
		E45857A428C771700017D99F /* DetailsView.swift in Sources */ = {isa = PBXBuildFile; fileRef = E45857A328C771700017D99F /* DetailsView.swift */; };
		E45857A628C7832E0017D99F /* DishViewBackDelegate.swift in Sources */ = {isa = PBXBuildFile; fileRef = E45857A528C7832E0017D99F /* DishViewBackDelegate.swift */; };
		E48D7AA22889DAC100FDDD0F /* Formatter.swift in Sources */ = {isa = PBXBuildFile; fileRef = E48D7AA12889DAC100FDDD0F /* Formatter.swift */; };
		E48DBAC028A458DF00B65644 /* FlowLay.swift in Sources */ = {isa = PBXBuildFile; fileRef = E48DBABF28A458DF00B65644 /* FlowLay.swift */; };
		E48DBAC328A5469C00B65644 /* AboutUsDataDelegate.swift in Sources */ = {isa = PBXBuildFile; fileRef = E48DBAC228A5469C00B65644 /* AboutUsDataDelegate.swift */; };
		E48DBAC528A5478C00B65644 /* AboutUsDataViewController.swift in Sources */ = {isa = PBXBuildFile; fileRef = E48DBAC428A5478C00B65644 /* AboutUsDataViewController.swift */; };
		E48DBAC728A562B700B65644 /* FurnitureCollectionViewCell.swift in Sources */ = {isa = PBXBuildFile; fileRef = E48DBAC628A562B700B65644 /* FurnitureCollectionViewCell.swift */; };
		E49262BC2891436000970B24 /* AboutUsData.swift in Sources */ = {isa = PBXBuildFile; fileRef = E49262BB2891436000970B24 /* AboutUsData.swift */; };
		E4928BDD28BDED6A004AAE3E /* HideTobBarViewController.swift in Sources */ = {isa = PBXBuildFile; fileRef = E4928BDC28BDED6A004AAE3E /* HideTobBarViewController.swift */; };
		E4928BE028BE123A004AAE3E /* DeliveryPostRequest.swift in Sources */ = {isa = PBXBuildFile; fileRef = E4928BDF28BE123A004AAE3E /* DeliveryPostRequest.swift */; };
		E4928BE228BE138F004AAE3E /* DeliveryListViewModel.swift in Sources */ = {isa = PBXBuildFile; fileRef = E4928BE128BE138F004AAE3E /* DeliveryListViewModel.swift */; };
		E4928BE428BE2877004AAE3E /* Delivery.swift in Sources */ = {isa = PBXBuildFile; fileRef = E4928BE328BE2877004AAE3E /* Delivery.swift */; };
		E4A93C022897EA920017F326 /* UILabel.swift in Sources */ = {isa = PBXBuildFile; fileRef = E4A93C012897EA920017F326 /* UILabel.swift */; };
		E4A93C04289A7A850017F326 /* HeaderForFavDishes.swift in Sources */ = {isa = PBXBuildFile; fileRef = E4A93C03289A7A850017F326 /* HeaderForFavDishes.swift */; };
		E4A93C07289AC9EE0017F326 /* DGCarouselFlowLayout in Frameworks */ = {isa = PBXBuildFile; productRef = E4A93C06289AC9EE0017F326 /* DGCarouselFlowLayout */; };
		E4A93C09289AD10A0017F326 /* CustomFavouriteCellCollectionViewCell.swift in Sources */ = {isa = PBXBuildFile; fileRef = E4A93C08289AD10A0017F326 /* CustomFavouriteCellCollectionViewCell.swift */; };
		E4A93C0B289BD2C80017F326 /* Allert.swift in Sources */ = {isa = PBXBuildFile; fileRef = E4A93C0A289BD2C80017F326 /* Allert.swift */; };
		E4A93C0E28A155500017F326 /* SwiftEntryKit in Frameworks */ = {isa = PBXBuildFile; productRef = E4A93C0D28A155500017F326 /* SwiftEntryKit */; };
		E4A93C1028A15AE30017F326 /* CustomAllertView.swift in Sources */ = {isa = PBXBuildFile; fileRef = E4A93C0F28A15AE30017F326 /* CustomAllertView.swift */; };
		E4ABE0B428A3C31D00B7640B /* UIView.swift in Sources */ = {isa = PBXBuildFile; fileRef = E4ABE0B328A3C31D00B7640B /* UIView.swift */; };
		E4ABE0B628A3DBE800B7640B /* TextFieldControlColorProtol.swift in Sources */ = {isa = PBXBuildFile; fileRef = E4ABE0B528A3DBE800B7640B /* TextFieldControlColorProtol.swift */; };
		E4ABE0B828A3F73F00B7640B /* PhoneFieldProtocol.swift in Sources */ = {isa = PBXBuildFile; fileRef = E4ABE0B728A3F73F00B7640B /* PhoneFieldProtocol.swift */; };
		E4ABE0BA28A4138800B7640B /* ToolBar.swift in Sources */ = {isa = PBXBuildFile; fileRef = E4ABE0B928A4138800B7640B /* ToolBar.swift */; };
		E4AE918428A6C95500B8ACC9 /* DuplicateCollectionViewRowSize.swift in Sources */ = {isa = PBXBuildFile; fileRef = E4AE918328A6C95500B8ACC9 /* DuplicateCollectionViewRowSize.swift */; };
		E4AE918628A6CB0800B8ACC9 /* DuplicateCollectionViewCell.swift in Sources */ = {isa = PBXBuildFile; fileRef = E4AE918528A6CB0800B8ACC9 /* DuplicateCollectionViewCell.swift */; };
		E4AE919228AAC48E00B8ACC9 /* ResizableCollectionView.swift in Sources */ = {isa = PBXBuildFile; fileRef = E4AE919128AAC48E00B8ACC9 /* ResizableCollectionView.swift */; };
		E4AE919428AAC6F200B8ACC9 /* LeadingCollectionViewLayout.swift in Sources */ = {isa = PBXBuildFile; fileRef = E4AE919328AAC6F200B8ACC9 /* LeadingCollectionViewLayout.swift */; };
		E4AE919A28ACE78200B8ACC9 /* DesignListRequest.swift in Sources */ = {isa = PBXBuildFile; fileRef = E4AE919928ACE78200B8ACC9 /* DesignListRequest.swift */; };
		E4AE919C28ACEA2200B8ACC9 /* Design.swift in Sources */ = {isa = PBXBuildFile; fileRef = E4AE919B28ACEA2200B8ACC9 /* Design.swift */; };
		E4AE919E28ACEE6600B8ACC9 /* DesignListDispayFactory.swift in Sources */ = {isa = PBXBuildFile; fileRef = E4AE919D28ACEE6600B8ACC9 /* DesignListDispayFactory.swift */; };
		E4AE91A028ACF4B100B8ACC9 /* DesignListViewModel.swift in Sources */ = {isa = PBXBuildFile; fileRef = E4AE919F28ACF4B100B8ACC9 /* DesignListViewModel.swift */; };
		E4AE91A628AD2A1E00B8ACC9 /* ViewControllerWithViewWithStack.swift in Sources */ = {isa = PBXBuildFile; fileRef = E4AE91A528AD2A1E00B8ACC9 /* ViewControllerWithViewWithStack.swift */; };
		E4AE91A828AD2A6700B8ACC9 /* ViewWithStack.swift in Sources */ = {isa = PBXBuildFile; fileRef = E4AE91A728AD2A6700B8ACC9 /* ViewWithStack.swift */; };
		E4C088EE28A67C0600CD58C7 /* RequestProtocol.swift in Sources */ = {isa = PBXBuildFile; fileRef = E4C088ED28A67C0600CD58C7 /* RequestProtocol.swift */; };
		E4C088F028A67C5900CD58C7 /* ProtocolRequestExtension.swift in Sources */ = {isa = PBXBuildFile; fileRef = E4C088EF28A67C5900CD58C7 /* ProtocolRequestExtension.swift */; };
		E4C088F228A67DD800CD58C7 /* MenuListDisplayFactory.swift in Sources */ = {isa = PBXBuildFile; fileRef = E4C088F128A67DD800CD58C7 /* MenuListDisplayFactory.swift */; };
		E4C088F428A67E4900CD58C7 /* MenuListViewModel.swift in Sources */ = {isa = PBXBuildFile; fileRef = E4C088F328A67E4900CD58C7 /* MenuListViewModel.swift */; };
		E4C088F928A6816C00CD58C7 /* HeaderForTitleCollectionReusableView.swift in Sources */ = {isa = PBXBuildFile; fileRef = E4C088F828A6816C00CD58C7 /* HeaderForTitleCollectionReusableView.swift */; };
		E4C088FE28A6852F00CD58C7 /* DataServiceExceptions.swift in Sources */ = {isa = PBXBuildFile; fileRef = E4C088FD28A6852F00CD58C7 /* DataServiceExceptions.swift */; };
		E4C0890028A6853C00CD58C7 /* FontSizes.swift in Sources */ = {isa = PBXBuildFile; fileRef = E4C088FF28A6853C00CD58C7 /* FontSizes.swift */; };
		E4CEED1128A264C8004A1BEE /* UIViewController.swift in Sources */ = {isa = PBXBuildFile; fileRef = E4CEED1028A264C8004A1BEE /* UIViewController.swift */; };
		E4CEED1428A2808B004A1BEE /* AboutUsDelegate.swift in Sources */ = {isa = PBXBuildFile; fileRef = E4CEED1328A2808B004A1BEE /* AboutUsDelegate.swift */; };
		E4CEED1628A280B4004A1BEE /* AboutUsView.swift in Sources */ = {isa = PBXBuildFile; fileRef = E4CEED1528A280B4004A1BEE /* AboutUsView.swift */; };
		E4E37702287CB532003ED269 /* AppDelegate.swift in Sources */ = {isa = PBXBuildFile; fileRef = E4E37701287CB532003ED269 /* AppDelegate.swift */; };
		E4E37704287CB532003ED269 /* SceneDelegate.swift in Sources */ = {isa = PBXBuildFile; fileRef = E4E37703287CB532003ED269 /* SceneDelegate.swift */; };
		E4E37706287CB532003ED269 /* CatalogViewController.swift in Sources */ = {isa = PBXBuildFile; fileRef = E4E37705287CB532003ED269 /* CatalogViewController.swift */; };
		E4E3770B287CB533003ED269 /* Assets.xcassets in Resources */ = {isa = PBXBuildFile; fileRef = E4E3770A287CB533003ED269 /* Assets.xcassets */; };
		E4E3770E287CB533003ED269 /* LaunchScreen.storyboard in Resources */ = {isa = PBXBuildFile; fileRef = E4E3770C287CB533003ED269 /* LaunchScreen.storyboard */; };
		E4E3771D287CB7CF003ED269 /* ColorExtension.swift in Sources */ = {isa = PBXBuildFile; fileRef = E4E3771C287CB7CF003ED269 /* ColorExtension.swift */; };
		E4E37721287CBB8A003ED269 /* TabBarViewController.swift in Sources */ = {isa = PBXBuildFile; fileRef = E4E37720287CBB8A003ED269 /* TabBarViewController.swift */; };
		E4E37723287CC003003ED269 /* AboutUsViewController.swift in Sources */ = {isa = PBXBuildFile; fileRef = E4E37722287CC003003ED269 /* AboutUsViewController.swift */; };
		E4E37725287CC023003ED269 /* BasketViewController.swift in Sources */ = {isa = PBXBuildFile; fileRef = E4E37724287CC023003ED269 /* BasketViewController.swift */; };
/* End PBXBuildFile section */

/* Begin PBXFileReference section */
		E4085C2E28C09DFC003B4B75 /* MapView.swift */ = {isa = PBXFileReference; lastKnownFileType = sourcecode.swift; path = MapView.swift; sourceTree = "<group>"; };
		E4085C3028C0A716003B4B75 /* InternetAvailability.swift */ = {isa = PBXFileReference; lastKnownFileType = sourcecode.swift; path = InternetAvailability.swift; sourceTree = "<group>"; };
		E4085C3628C260DA003B4B75 /* en */ = {isa = PBXFileReference; lastKnownFileType = text.plist.strings; name = en; path = en.lproj/Localizable.strings; sourceTree = "<group>"; };
		E4085C3828C26187003B4B75 /* ja */ = {isa = PBXFileReference; lastKnownFileType = text.plist.strings; name = ja; path = ja.lproj/LaunchScreen.strings; sourceTree = "<group>"; };
		E4085C3928C261D1003B4B75 /* ru */ = {isa = PBXFileReference; lastKnownFileType = text.plist.strings; name = ru; path = ru.lproj/Localizable.strings; sourceTree = "<group>"; };
		E4085C3A28C261D9003B4B75 /* ja */ = {isa = PBXFileReference; lastKnownFileType = text.plist.strings; name = ja; path = ja.lproj/Localizable.strings; sourceTree = "<group>"; };
		E4085C3B28C4B814003B4B75 /* WeightAndPriceView.swift */ = {isa = PBXFileReference; lastKnownFileType = sourcecode.swift; path = WeightAndPriceView.swift; sourceTree = "<group>"; };
		E4085C3D28C503B1003B4B75 /* PlusButton.swift */ = {isa = PBXFileReference; lastKnownFileType = sourcecode.swift; path = PlusButton.swift; sourceTree = "<group>"; };
		E4085C3F28C503CC003B4B75 /* MinusButton.swift */ = {isa = PBXFileReference; lastKnownFileType = sourcecode.swift; path = MinusButton.swift; sourceTree = "<group>"; };
		E4085C4128C50C92003B4B75 /* ImageWithIndexes.swift */ = {isa = PBXFileReference; lastKnownFileType = sourcecode.swift; path = ImageWithIndexes.swift; sourceTree = "<group>"; };
		E4085C4328C50C9F003B4B75 /* TextWithIndexes.swift */ = {isa = PBXFileReference; lastKnownFileType = sourcecode.swift; path = TextWithIndexes.swift; sourceTree = "<group>"; };
		E41C6733287DB216001FD5B2 /* CatalogViewDelegate.swift */ = {isa = PBXFileReference; lastKnownFileType = sourcecode.swift; path = CatalogViewDelegate.swift; sourceTree = "<group>"; };
		E41C6735287DB233001FD5B2 /* CatalogView.swift */ = {isa = PBXFileReference; lastKnownFileType = sourcecode.swift; path = CatalogView.swift; sourceTree = "<group>"; };
		E41C6737287DBA6B001FD5B2 /* MenuCollectionViewCell.swift */ = {isa = PBXFileReference; lastKnownFileType = sourcecode.swift; path = MenuCollectionViewCell.swift; sourceTree = "<group>"; };
		E41C6739287DF5CD001FD5B2 /* DishCollectionViewCell.swift */ = {isa = PBXFileReference; lastKnownFileType = sourcecode.swift; path = DishCollectionViewCell.swift; sourceTree = "<group>"; };
		E41C6761287F1C6D001FD5B2 /* FoglihtenNo06_076.otf */ = {isa = PBXFileReference; lastKnownFileType = file; path = FoglihtenNo06_076.otf; sourceTree = "<group>"; };
		E41C6763287F3720001FD5B2 /* Gilroy-Bold.ttf */ = {isa = PBXFileReference; lastKnownFileType = file; path = "Gilroy-Bold.ttf"; sourceTree = "<group>"; };
		E41C6765287F3806001FD5B2 /* Gilroy-Regular.ttf */ = {isa = PBXFileReference; lastKnownFileType = file; path = "Gilroy-Regular.ttf"; sourceTree = "<group>"; };
		E423CD0028C79CD800A8D7D8 /* TwoDimenIndex.swift */ = {isa = PBXFileReference; lastKnownFileType = sourcecode.swift; path = TwoDimenIndex.swift; sourceTree = "<group>"; };
		E433C89F288C82030036479C /* DeliveryViewController.swift */ = {isa = PBXFileReference; lastKnownFileType = sourcecode.swift; path = DeliveryViewController.swift; sourceTree = "<group>"; };
		E433C8A1288D7DB70036479C /* DeliveryView.swift */ = {isa = PBXFileReference; lastKnownFileType = sourcecode.swift; path = DeliveryView.swift; sourceTree = "<group>"; };
		E433C8A3288D7DC60036479C /* DeliveryDelegate.swift */ = {isa = PBXFileReference; lastKnownFileType = sourcecode.swift; path = DeliveryDelegate.swift; sourceTree = "<group>"; };
		E433C8A5288D98B20036479C /* CustomTextFieldWithInsets.swift */ = {isa = PBXFileReference; lastKnownFileType = sourcecode.swift; path = CustomTextFieldWithInsets.swift; sourceTree = "<group>"; };
		E433C8A7288DA26E0036479C /* TogleView.swift */ = {isa = PBXFileReference; lastKnownFileType = sourcecode.swift; path = TogleView.swift; sourceTree = "<group>"; };
		E433C8A9288EF58B0036479C /* UserInfo.swift */ = {isa = PBXFileReference; lastKnownFileType = sourcecode.swift; path = UserInfo.swift; sourceTree = "<group>"; };
		E433C8AB288FDB510036479C /* BacketViewBackDataDelegate.swift */ = {isa = PBXFileReference; lastKnownFileType = sourcecode.swift; path = BacketViewBackDataDelegate.swift; sourceTree = "<group>"; };
		E43C7FCF28816148001F6D8C /* DishViewController.swift */ = {isa = PBXFileReference; lastKnownFileType = sourcecode.swift; path = DishViewController.swift; sourceTree = "<group>"; };
		E43C7FD12881615B001F6D8C /* DishView.swift */ = {isa = PBXFileReference; lastKnownFileType = sourcecode.swift; path = DishView.swift; sourceTree = "<group>"; };
		E43C7FD328816175001F6D8C /* DishDelegate.swift */ = {isa = PBXFileReference; lastKnownFileType = sourcecode.swift; path = DishDelegate.swift; sourceTree = "<group>"; };
		E43C7FD52882D49B001F6D8C /* Dishes.swift */ = {isa = PBXFileReference; lastKnownFileType = sourcecode.swift; path = Dishes.swift; sourceTree = "<group>"; };
		E43C7FD72882D5DC001F6D8C /* DataService.swift */ = {isa = PBXFileReference; lastKnownFileType = sourcecode.swift; path = DataService.swift; sourceTree = "<group>"; };
		E43C7FDC2883112A001F6D8C /* String.swift */ = {isa = PBXFileReference; lastKnownFileType = sourcecode.swift; path = String.swift; sourceTree = "<group>"; };
		E43C7FDE288419BB001F6D8C /* FoodCountView.swift */ = {isa = PBXFileReference; lastKnownFileType = sourcecode.swift; path = FoodCountView.swift; sourceTree = "<group>"; };
		E43C7FE128847EAF001F6D8C /* BasketDelegate.swift */ = {isa = PBXFileReference; lastKnownFileType = sourcecode.swift; path = BasketDelegate.swift; sourceTree = "<group>"; };
		E43C7FE328847F3F001F6D8C /* BasketView.swift */ = {isa = PBXFileReference; lastKnownFileType = sourcecode.swift; path = BasketView.swift; sourceTree = "<group>"; };
		E43C7FE52884801B001F6D8C /* OrderCollectionViewCell.swift */ = {isa = PBXFileReference; lastKnownFileType = sourcecode.swift; path = OrderCollectionViewCell.swift; sourceTree = "<group>"; };
		E43C7FE72885C61C001F6D8C /* UIImage.swift */ = {isa = PBXFileReference; lastKnownFileType = sourcecode.swift; path = UIImage.swift; sourceTree = "<group>"; };
		E43C7FEB2886D03F001F6D8C /* MenuListRequest.swift */ = {isa = PBXFileReference; lastKnownFileType = sourcecode.swift; path = MenuListRequest.swift; sourceTree = "<group>"; };
		E458579F28C5FC800017D99F /* WeightTableViewController.swift */ = {isa = PBXFileReference; lastKnownFileType = sourcecode.swift; path = WeightTableViewController.swift; sourceTree = "<group>"; };
		E45857A128C632950017D99F /* WeightTableViewCell.swift */ = {isa = PBXFileReference; lastKnownFileType = sourcecode.swift; path = WeightTableViewCell.swift; sourceTree = "<group>"; };
		E45857A328C771700017D99F /* DetailsView.swift */ = {isa = PBXFileReference; lastKnownFileType = sourcecode.swift; path = DetailsView.swift; sourceTree = "<group>"; };
		E45857A528C7832E0017D99F /* DishViewBackDelegate.swift */ = {isa = PBXFileReference; lastKnownFileType = sourcecode.swift; path = DishViewBackDelegate.swift; sourceTree = "<group>"; };
		E48D7AA12889DAC100FDDD0F /* Formatter.swift */ = {isa = PBXFileReference; lastKnownFileType = sourcecode.swift; path = Formatter.swift; sourceTree = "<group>"; };
		E48DBABF28A458DF00B65644 /* FlowLay.swift */ = {isa = PBXFileReference; lastKnownFileType = sourcecode.swift; path = FlowLay.swift; sourceTree = "<group>"; };
		E48DBAC228A5469C00B65644 /* AboutUsDataDelegate.swift */ = {isa = PBXFileReference; lastKnownFileType = sourcecode.swift; path = AboutUsDataDelegate.swift; sourceTree = "<group>"; };
		E48DBAC428A5478C00B65644 /* AboutUsDataViewController.swift */ = {isa = PBXFileReference; lastKnownFileType = sourcecode.swift; path = AboutUsDataViewController.swift; sourceTree = "<group>"; };
		E48DBAC628A562B700B65644 /* FurnitureCollectionViewCell.swift */ = {isa = PBXFileReference; lastKnownFileType = sourcecode.swift; path = FurnitureCollectionViewCell.swift; sourceTree = "<group>"; };
		E49262BB2891436000970B24 /* AboutUsData.swift */ = {isa = PBXFileReference; lastKnownFileType = sourcecode.swift; path = AboutUsData.swift; sourceTree = "<group>"; };
		E4928BDC28BDED6A004AAE3E /* HideTobBarViewController.swift */ = {isa = PBXFileReference; lastKnownFileType = sourcecode.swift; path = HideTobBarViewController.swift; sourceTree = "<group>"; };
		E4928BDF28BE123A004AAE3E /* DeliveryPostRequest.swift */ = {isa = PBXFileReference; lastKnownFileType = sourcecode.swift; path = DeliveryPostRequest.swift; sourceTree = "<group>"; };
		E4928BE128BE138F004AAE3E /* DeliveryListViewModel.swift */ = {isa = PBXFileReference; lastKnownFileType = sourcecode.swift; path = DeliveryListViewModel.swift; sourceTree = "<group>"; };
		E4928BE328BE2877004AAE3E /* Delivery.swift */ = {isa = PBXFileReference; lastKnownFileType = sourcecode.swift; path = Delivery.swift; sourceTree = "<group>"; };
		E4A93C012897EA920017F326 /* UILabel.swift */ = {isa = PBXFileReference; lastKnownFileType = sourcecode.swift; path = UILabel.swift; sourceTree = "<group>"; };
		E4A93C03289A7A850017F326 /* HeaderForFavDishes.swift */ = {isa = PBXFileReference; lastKnownFileType = sourcecode.swift; path = HeaderForFavDishes.swift; sourceTree = "<group>"; };
		E4A93C08289AD10A0017F326 /* CustomFavouriteCellCollectionViewCell.swift */ = {isa = PBXFileReference; lastKnownFileType = sourcecode.swift; path = CustomFavouriteCellCollectionViewCell.swift; sourceTree = "<group>"; };
		E4A93C0A289BD2C80017F326 /* Allert.swift */ = {isa = PBXFileReference; lastKnownFileType = sourcecode.swift; path = Allert.swift; sourceTree = "<group>"; };
		E4A93C0F28A15AE30017F326 /* CustomAllertView.swift */ = {isa = PBXFileReference; lastKnownFileType = sourcecode.swift; path = CustomAllertView.swift; sourceTree = "<group>"; };
		E4ABE0B328A3C31D00B7640B /* UIView.swift */ = {isa = PBXFileReference; lastKnownFileType = sourcecode.swift; path = UIView.swift; sourceTree = "<group>"; };
		E4ABE0B528A3DBE800B7640B /* TextFieldControlColorProtol.swift */ = {isa = PBXFileReference; lastKnownFileType = sourcecode.swift; path = TextFieldControlColorProtol.swift; sourceTree = "<group>"; };
		E4ABE0B728A3F73F00B7640B /* PhoneFieldProtocol.swift */ = {isa = PBXFileReference; lastKnownFileType = sourcecode.swift; path = PhoneFieldProtocol.swift; sourceTree = "<group>"; };
		E4ABE0B928A4138800B7640B /* ToolBar.swift */ = {isa = PBXFileReference; lastKnownFileType = sourcecode.swift; path = ToolBar.swift; sourceTree = "<group>"; };
		E4AE918328A6C95500B8ACC9 /* DuplicateCollectionViewRowSize.swift */ = {isa = PBXFileReference; lastKnownFileType = sourcecode.swift; path = DuplicateCollectionViewRowSize.swift; sourceTree = "<group>"; };
		E4AE918528A6CB0800B8ACC9 /* DuplicateCollectionViewCell.swift */ = {isa = PBXFileReference; lastKnownFileType = sourcecode.swift; path = DuplicateCollectionViewCell.swift; sourceTree = "<group>"; };
		E4AE919128AAC48E00B8ACC9 /* ResizableCollectionView.swift */ = {isa = PBXFileReference; lastKnownFileType = sourcecode.swift; path = ResizableCollectionView.swift; sourceTree = "<group>"; };
		E4AE919328AAC6F200B8ACC9 /* LeadingCollectionViewLayout.swift */ = {isa = PBXFileReference; lastKnownFileType = sourcecode.swift; path = LeadingCollectionViewLayout.swift; sourceTree = "<group>"; };
		E4AE919928ACE78200B8ACC9 /* DesignListRequest.swift */ = {isa = PBXFileReference; lastKnownFileType = sourcecode.swift; path = DesignListRequest.swift; sourceTree = "<group>"; };
		E4AE919B28ACEA2200B8ACC9 /* Design.swift */ = {isa = PBXFileReference; lastKnownFileType = sourcecode.swift; path = Design.swift; sourceTree = "<group>"; };
		E4AE919D28ACEE6600B8ACC9 /* DesignListDispayFactory.swift */ = {isa = PBXFileReference; lastKnownFileType = sourcecode.swift; path = DesignListDispayFactory.swift; sourceTree = "<group>"; };
		E4AE919F28ACF4B100B8ACC9 /* DesignListViewModel.swift */ = {isa = PBXFileReference; lastKnownFileType = sourcecode.swift; path = DesignListViewModel.swift; sourceTree = "<group>"; };
		E4AE91A528AD2A1E00B8ACC9 /* ViewControllerWithViewWithStack.swift */ = {isa = PBXFileReference; lastKnownFileType = sourcecode.swift; path = ViewControllerWithViewWithStack.swift; sourceTree = "<group>"; };
		E4AE91A728AD2A6700B8ACC9 /* ViewWithStack.swift */ = {isa = PBXFileReference; lastKnownFileType = sourcecode.swift; path = ViewWithStack.swift; sourceTree = "<group>"; };
		E4C088ED28A67C0600CD58C7 /* RequestProtocol.swift */ = {isa = PBXFileReference; lastKnownFileType = sourcecode.swift; path = RequestProtocol.swift; sourceTree = "<group>"; };
		E4C088EF28A67C5900CD58C7 /* ProtocolRequestExtension.swift */ = {isa = PBXFileReference; lastKnownFileType = sourcecode.swift; path = ProtocolRequestExtension.swift; sourceTree = "<group>"; };
		E4C088F128A67DD800CD58C7 /* MenuListDisplayFactory.swift */ = {isa = PBXFileReference; lastKnownFileType = sourcecode.swift; path = MenuListDisplayFactory.swift; sourceTree = "<group>"; };
		E4C088F328A67E4900CD58C7 /* MenuListViewModel.swift */ = {isa = PBXFileReference; lastKnownFileType = sourcecode.swift; path = MenuListViewModel.swift; sourceTree = "<group>"; };
		E4C088F828A6816C00CD58C7 /* HeaderForTitleCollectionReusableView.swift */ = {isa = PBXFileReference; lastKnownFileType = sourcecode.swift; path = HeaderForTitleCollectionReusableView.swift; sourceTree = "<group>"; };
		E4C088FD28A6852F00CD58C7 /* DataServiceExceptions.swift */ = {isa = PBXFileReference; lastKnownFileType = sourcecode.swift; path = DataServiceExceptions.swift; sourceTree = "<group>"; };
		E4C088FF28A6853C00CD58C7 /* FontSizes.swift */ = {isa = PBXFileReference; lastKnownFileType = sourcecode.swift; path = FontSizes.swift; sourceTree = "<group>"; };
		E4CEED1028A264C8004A1BEE /* UIViewController.swift */ = {isa = PBXFileReference; lastKnownFileType = sourcecode.swift; path = UIViewController.swift; sourceTree = "<group>"; };
		E4CEED1328A2808B004A1BEE /* AboutUsDelegate.swift */ = {isa = PBXFileReference; lastKnownFileType = sourcecode.swift; path = AboutUsDelegate.swift; sourceTree = "<group>"; };
		E4CEED1528A280B4004A1BEE /* AboutUsView.swift */ = {isa = PBXFileReference; lastKnownFileType = sourcecode.swift; path = AboutUsView.swift; sourceTree = "<group>"; };
		E4E376FE287CB532003ED269 /* TottoriApp.app */ = {isa = PBXFileReference; explicitFileType = wrapper.application; includeInIndex = 0; path = TottoriApp.app; sourceTree = BUILT_PRODUCTS_DIR; };
		E4E37701287CB532003ED269 /* AppDelegate.swift */ = {isa = PBXFileReference; lastKnownFileType = sourcecode.swift; path = AppDelegate.swift; sourceTree = "<group>"; };
		E4E37703287CB532003ED269 /* SceneDelegate.swift */ = {isa = PBXFileReference; lastKnownFileType = sourcecode.swift; path = SceneDelegate.swift; sourceTree = "<group>"; };
		E4E37705287CB532003ED269 /* CatalogViewController.swift */ = {isa = PBXFileReference; lastKnownFileType = sourcecode.swift; path = CatalogViewController.swift; sourceTree = "<group>"; };
		E4E3770A287CB533003ED269 /* Assets.xcassets */ = {isa = PBXFileReference; lastKnownFileType = folder.assetcatalog; path = Assets.xcassets; sourceTree = "<group>"; };
		E4E3770D287CB533003ED269 /* Base */ = {isa = PBXFileReference; lastKnownFileType = file.storyboard; name = Base; path = Base.lproj/LaunchScreen.storyboard; sourceTree = "<group>"; };
		E4E3770F287CB533003ED269 /* Info.plist */ = {isa = PBXFileReference; lastKnownFileType = text.plist.xml; path = Info.plist; sourceTree = "<group>"; };
		E4E3771C287CB7CF003ED269 /* ColorExtension.swift */ = {isa = PBXFileReference; lastKnownFileType = sourcecode.swift; path = ColorExtension.swift; sourceTree = "<group>"; };
		E4E37720287CBB8A003ED269 /* TabBarViewController.swift */ = {isa = PBXFileReference; lastKnownFileType = sourcecode.swift; path = TabBarViewController.swift; sourceTree = "<group>"; };
		E4E37722287CC003003ED269 /* AboutUsViewController.swift */ = {isa = PBXFileReference; lastKnownFileType = sourcecode.swift; path = AboutUsViewController.swift; sourceTree = "<group>"; };
		E4E37724287CC023003ED269 /* BasketViewController.swift */ = {isa = PBXFileReference; lastKnownFileType = sourcecode.swift; path = BasketViewController.swift; sourceTree = "<group>"; };
/* End PBXFileReference section */

/* Begin PBXFrameworksBuildPhase section */
		E4E376FB287CB532003ED269 /* Frameworks */ = {
			isa = PBXFrameworksBuildPhase;
			buildActionMask = 2147483647;
			files = (
				E43C7FDB2882E20A001F6D8C /* Kingfisher in Frameworks */,
				E4A93C07289AC9EE0017F326 /* DGCarouselFlowLayout in Frameworks */,
				E4A93C0E28A155500017F326 /* SwiftEntryKit in Frameworks */,
			);
			runOnlyForDeploymentPostprocessing = 0;
		};
/* End PBXFrameworksBuildPhase section */

/* Begin PBXGroup section */
		E4085C3228C260AE003B4B75 /* Locale */ = {
			isa = PBXGroup;
			children = (
				E4085C3728C260DA003B4B75 /* Localizable.strings */,
			);
			path = Locale;
			sourceTree = "<group>";
		};
		E4085C4528C5FC0F003B4B75 /* WeightTableView */ = {
			isa = PBXGroup;
			children = (
				E458579F28C5FC800017D99F /* WeightTableViewController.swift */,
				E45857A128C632950017D99F /* WeightTableViewCell.swift */,
			);
			path = WeightTableView;
			sourceTree = "<group>";
		};
		E41C6732287DB1A8001FD5B2 /* Catalog */ = {
			isa = PBXGroup;
			children = (
				E4E37705287CB532003ED269 /* CatalogViewController.swift */,
				E41C6733287DB216001FD5B2 /* CatalogViewDelegate.swift */,
				E41C6735287DB233001FD5B2 /* CatalogView.swift */,
			);
			path = Catalog;
			sourceTree = "<group>";
		};
		E41C675D287EDB3C001FD5B2 /* Models */ = {
			isa = PBXGroup;
			children = (
				E433C8A9288EF58B0036479C /* UserInfo.swift */,
				E43C7FD52882D49B001F6D8C /* Dishes.swift */,
				E4AE919B28ACEA2200B8ACC9 /* Design.swift */,
				E4928BE328BE2877004AAE3E /* Delivery.swift */,
			);
			path = Models;
			sourceTree = "<group>";
		};
		E41C6760287F1C4D001FD5B2 /* Fonts */ = {
			isa = PBXGroup;
			children = (
				E41C6765287F3806001FD5B2 /* Gilroy-Regular.ttf */,
				E41C6763287F3720001FD5B2 /* Gilroy-Bold.ttf */,
				E41C6761287F1C6D001FD5B2 /* FoglihtenNo06_076.otf */,
			);
			path = Fonts;
			sourceTree = "<group>";
		};
		E433C89E288C81EA0036479C /* Delivery */ = {
			isa = PBXGroup;
			children = (
				E433C89F288C82030036479C /* DeliveryViewController.swift */,
				E433C8A1288D7DB70036479C /* DeliveryView.swift */,
				E433C8A3288D7DC60036479C /* DeliveryDelegate.swift */,
			);
			path = Delivery;
			sourceTree = "<group>";
		};
		E43C7FCE288160F4001F6D8C /* Dish */ = {
			isa = PBXGroup;
			children = (
				E43C7FCF28816148001F6D8C /* DishViewController.swift */,
				E43C7FD12881615B001F6D8C /* DishView.swift */,
				E43C7FD328816175001F6D8C /* DishDelegate.swift */,
				E45857A528C7832E0017D99F /* DishViewBackDelegate.swift */,
			);
			path = Dish;
			sourceTree = "<group>";
		};
		E43C7FE028847E9B001F6D8C /* Basket */ = {
			isa = PBXGroup;
			children = (
				E4E37724287CC023003ED269 /* BasketViewController.swift */,
				E43C7FE128847EAF001F6D8C /* BasketDelegate.swift */,
				E43C7FE328847F3F001F6D8C /* BasketView.swift */,
				E433C8AB288FDB510036479C /* BacketViewBackDataDelegate.swift */,
			);
			path = Basket;
			sourceTree = "<group>";
		};
		E48DBAC128A5464F00B65644 /* AboutUsData */ = {
			isa = PBXGroup;
			children = (
				E49262BB2891436000970B24 /* AboutUsData.swift */,
				E48DBAC228A5469C00B65644 /* AboutUsDataDelegate.swift */,
				E48DBAC428A5478C00B65644 /* AboutUsDataViewController.swift */,
			);
			path = AboutUsData;
			sourceTree = "<group>";
		};
		E4928BDB28BDED3E004AAE3E /* ViewControllerChilds */ = {
			isa = PBXGroup;
			children = (
				E4928BDC28BDED6A004AAE3E /* HideTobBarViewController.swift */,
			);
			path = ViewControllerChilds;
			sourceTree = "<group>";
		};
		E4928BDE28BE11F6004AAE3E /* DeliveryPostRequest */ = {
			isa = PBXGroup;
			children = (
				E4928BDF28BE123A004AAE3E /* DeliveryPostRequest.swift */,
				E4928BE128BE138F004AAE3E /* DeliveryListViewModel.swift */,
			);
			path = DeliveryPostRequest;
			sourceTree = "<group>";
		};
		E4AE919028AAC47100B8ACC9 /* CollectionViews */ = {
			isa = PBXGroup;
			children = (
				E4AE919128AAC48E00B8ACC9 /* ResizableCollectionView.swift */,
			);
			path = CollectionViews;
			sourceTree = "<group>";
		};
		E4AE919728ACE65200B8ACC9 /* MenuListService */ = {
			isa = PBXGroup;
			children = (
				E4C088F328A67E4900CD58C7 /* MenuListViewModel.swift */,
				E4C088F128A67DD800CD58C7 /* MenuListDisplayFactory.swift */,
				E43C7FEB2886D03F001F6D8C /* MenuListRequest.swift */,
			);
			path = MenuListService;
			sourceTree = "<group>";
		};
		E4AE919828ACE72F00B8ACC9 /* DesignListService */ = {
			isa = PBXGroup;
			children = (
				E4AE919928ACE78200B8ACC9 /* DesignListRequest.swift */,
				E4AE919D28ACEE6600B8ACC9 /* DesignListDispayFactory.swift */,
				E4AE919F28ACF4B100B8ACC9 /* DesignListViewModel.swift */,
			);
			path = DesignListService;
			sourceTree = "<group>";
		};
		E4C088F528A67FF700CD58C7 /* CollectionViewLayouts */ = {
			isa = PBXGroup;
			children = (
				E48DBABF28A458DF00B65644 /* FlowLay.swift */,
				E4AE919328AAC6F200B8ACC9 /* LeadingCollectionViewLayout.swift */,
			);
			path = CollectionViewLayouts;
			sourceTree = "<group>";
		};
		E4C088F628A6806600CD58C7 /* CollectionViewCells */ = {
			isa = PBXGroup;
			children = (
				E43C7FE52884801B001F6D8C /* OrderCollectionViewCell.swift */,
				E48DBAC628A562B700B65644 /* FurnitureCollectionViewCell.swift */,
				E41C6737287DBA6B001FD5B2 /* MenuCollectionViewCell.swift */,
				E41C6739287DF5CD001FD5B2 /* DishCollectionViewCell.swift */,
				E4A93C08289AD10A0017F326 /* CustomFavouriteCellCollectionViewCell.swift */,
				E4AE918528A6CB0800B8ACC9 /* DuplicateCollectionViewCell.swift */,
			);
			path = CollectionViewCells;
			sourceTree = "<group>";
		};
		E4C088F728A680D400CD58C7 /* CollectionViewReusableViews */ = {
			isa = PBXGroup;
			children = (
				E4A93C03289A7A850017F326 /* HeaderForFavDishes.swift */,
				E4C088F828A6816C00CD58C7 /* HeaderForTitleCollectionReusableView.swift */,
			);
			path = CollectionViewReusableViews;
			sourceTree = "<group>";
		};
		E4C088FA28A681F600CD58C7 /* ReusableAppViews */ = {
			isa = PBXGroup;
			children = (
				E4A93C0F28A15AE30017F326 /* CustomAllertView.swift */,
				E433C8A7288DA26E0036479C /* TogleView.swift */,
				E433C8A5288D98B20036479C /* CustomTextFieldWithInsets.swift */,
				E43C7FDE288419BB001F6D8C /* FoodCountView.swift */,
				E4085C2E28C09DFC003B4B75 /* MapView.swift */,
				E4085C3B28C4B814003B4B75 /* WeightAndPriceView.swift */,
				E4085C3D28C503B1003B4B75 /* PlusButton.swift */,
				E4085C3F28C503CC003B4B75 /* MinusButton.swift */,
				E4085C4128C50C92003B4B75 /* ImageWithIndexes.swift */,
				E4085C4328C50C9F003B4B75 /* TextWithIndexes.swift */,
				E45857A328C771700017D99F /* DetailsView.swift */,
			);
			path = ReusableAppViews;
			sourceTree = "<group>";
		};
		E4C088FB28A6835C00CD58C7 /* Protocols */ = {
			isa = PBXGroup;
			children = (
				E4C088ED28A67C0600CD58C7 /* RequestProtocol.swift */,
				E4ABE0B528A3DBE800B7640B /* TextFieldControlColorProtol.swift */,
				E4ABE0B728A3F73F00B7640B /* PhoneFieldProtocol.swift */,
				E4AE91A528AD2A1E00B8ACC9 /* ViewControllerWithViewWithStack.swift */,
				E4AE91A728AD2A6700B8ACC9 /* ViewWithStack.swift */,
				E423CD0028C79CD800A8D7D8 /* TwoDimenIndex.swift */,
			);
			path = Protocols;
			sourceTree = "<group>";
		};
		E4C088FC28A6850700CD58C7 /* Enums */ = {
			isa = PBXGroup;
			children = (
				E4C088FD28A6852F00CD58C7 /* DataServiceExceptions.swift */,
			);
			path = Enums;
			sourceTree = "<group>";
		};
		E4C0890128A6868600CD58C7 /* StructWithConsts */ = {
			isa = PBXGroup;
			children = (
				E4C088FF28A6853C00CD58C7 /* FontSizes.swift */,
				E4AE918328A6C95500B8ACC9 /* DuplicateCollectionViewRowSize.swift */,
			);
			path = StructWithConsts;
			sourceTree = "<group>";
		};
		E4CEED1228A2651F004A1BEE /* AboutUs */ = {
			isa = PBXGroup;
			children = (
				E4E37722287CC003003ED269 /* AboutUsViewController.swift */,
				E4CEED1328A2808B004A1BEE /* AboutUsDelegate.swift */,
				E4CEED1528A280B4004A1BEE /* AboutUsView.swift */,
			);
			path = AboutUs;
			sourceTree = "<group>";
		};
		E4E376F5287CB532003ED269 = {
			isa = PBXGroup;
			children = (
				E4E37700287CB532003ED269 /* TottoriApp */,
				E4E376FF287CB532003ED269 /* Products */,
			);
			sourceTree = "<group>";
		};
		E4E376FF287CB532003ED269 /* Products */ = {
			isa = PBXGroup;
			children = (
				E4E376FE287CB532003ED269 /* TottoriApp.app */,
			);
			name = Products;
			sourceTree = "<group>";
		};
		E4E37700287CB532003ED269 /* TottoriApp */ = {
			isa = PBXGroup;
			children = (
				E4085C4528C5FC0F003B4B75 /* WeightTableView */,
				E4085C3228C260AE003B4B75 /* Locale */,
				E4928BDE28BE11F6004AAE3E /* DeliveryPostRequest */,
				E4928BDB28BDED3E004AAE3E /* ViewControllerChilds */,
				E4AE919028AAC47100B8ACC9 /* CollectionViews */,
				E4C0890128A6868600CD58C7 /* StructWithConsts */,
				E4C088FC28A6850700CD58C7 /* Enums */,
				E4C088FB28A6835C00CD58C7 /* Protocols */,
				E4C088FA28A681F600CD58C7 /* ReusableAppViews */,
				E4C088F728A680D400CD58C7 /* CollectionViewReusableViews */,
				E4C088F628A6806600CD58C7 /* CollectionViewCells */,
				E4AE919728ACE65200B8ACC9 /* MenuListService */,
				E4C088F528A67FF700CD58C7 /* CollectionViewLayouts */,
				E48DBAC128A5464F00B65644 /* AboutUsData */,
				E433C89E288C81EA0036479C /* Delivery */,
				E4AE919828ACE72F00B8ACC9 /* DesignListService */,
				E43C7FE028847E9B001F6D8C /* Basket */,
				E43C7FCE288160F4001F6D8C /* Dish */,
				E4CEED1228A2651F004A1BEE /* AboutUs */,
				E41C6760287F1C4D001FD5B2 /* Fonts */,
				E41C675D287EDB3C001FD5B2 /* Models */,
				E41C6732287DB1A8001FD5B2 /* Catalog */,
				E4E37728287D6B4B003ED269 /* DataService */,
				E4E3771B287CB7B9003ED269 /* Extensions */,
				E4E37717287CB754003ED269 /* TabBar */,
				E4E37715287CB59E003ED269 /* Delegates */,
				E4E3770A287CB533003ED269 /* Assets.xcassets */,
				E4E3770C287CB533003ED269 /* LaunchScreen.storyboard */,
				E4E3770F287CB533003ED269 /* Info.plist */,
			);
			path = TottoriApp;
			sourceTree = "<group>";
		};
		E4E37715287CB59E003ED269 /* Delegates */ = {
			isa = PBXGroup;
			children = (
				E4E37701287CB532003ED269 /* AppDelegate.swift */,
				E4E37703287CB532003ED269 /* SceneDelegate.swift */,
			);
			path = Delegates;
			sourceTree = "<group>";
		};
		E4E37717287CB754003ED269 /* TabBar */ = {
			isa = PBXGroup;
			children = (
				E4E37720287CBB8A003ED269 /* TabBarViewController.swift */,
			);
			path = TabBar;
			sourceTree = "<group>";
		};
		E4E3771B287CB7B9003ED269 /* Extensions */ = {
			isa = PBXGroup;
			children = (
				E4E3771C287CB7CF003ED269 /* ColorExtension.swift */,
				E43C7FDC2883112A001F6D8C /* String.swift */,
				E43C7FE72885C61C001F6D8C /* UIImage.swift */,
				E48D7AA12889DAC100FDDD0F /* Formatter.swift */,
				E4A93C012897EA920017F326 /* UILabel.swift */,
				E4A93C0A289BD2C80017F326 /* Allert.swift */,
				E4CEED1028A264C8004A1BEE /* UIViewController.swift */,
				E4ABE0B328A3C31D00B7640B /* UIView.swift */,
				E4ABE0B928A4138800B7640B /* ToolBar.swift */,
				E4C088EF28A67C5900CD58C7 /* ProtocolRequestExtension.swift */,
			);
			path = Extensions;
			sourceTree = "<group>";
		};
		E4E37728287D6B4B003ED269 /* DataService */ = {
			isa = PBXGroup;
			children = (
				E43C7FD72882D5DC001F6D8C /* DataService.swift */,
				E4085C3028C0A716003B4B75 /* InternetAvailability.swift */,
			);
			path = DataService;
			sourceTree = "<group>";
		};
/* End PBXGroup section */

/* Begin PBXNativeTarget section */
		E4E376FD287CB532003ED269 /* TottoriApp */ = {
			isa = PBXNativeTarget;
			buildConfigurationList = E4E37712287CB533003ED269 /* Build configuration list for PBXNativeTarget "TottoriApp" */;
			buildPhases = (
				E4E376FA287CB532003ED269 /* Sources */,
				E4E376FB287CB532003ED269 /* Frameworks */,
				E4E376FC287CB532003ED269 /* Resources */,
			);
			buildRules = (
			);
			dependencies = (
			);
			name = TottoriApp;
			packageProductDependencies = (
				E43C7FDA2882E20A001F6D8C /* Kingfisher */,
				E4A93C06289AC9EE0017F326 /* DGCarouselFlowLayout */,
				E4A93C0D28A155500017F326 /* SwiftEntryKit */,
			);
			productName = TottoriApp;
			productReference = E4E376FE287CB532003ED269 /* TottoriApp.app */;
			productType = "com.apple.product-type.application";
		};
/* End PBXNativeTarget section */

/* Begin PBXProject section */
		E4E376F6287CB532003ED269 /* Project object */ = {
			isa = PBXProject;
			attributes = {
				BuildIndependentTargetsInParallel = 1;
				LastSwiftUpdateCheck = 1320;
				LastUpgradeCheck = 1320;
				TargetAttributes = {
					E4E376FD287CB532003ED269 = {
						CreatedOnToolsVersion = 13.2.1;
					};
				};
			};
			buildConfigurationList = E4E376F9287CB532003ED269 /* Build configuration list for PBXProject "TottoriApp" */;
			compatibilityVersion = "Xcode 13.0";
			developmentRegion = en;
			hasScannedForEncodings = 0;
			knownRegions = (
				en,
				Base,
				ja,
				ru,
			);
			mainGroup = E4E376F5287CB532003ED269;
			packageReferences = (
				E43C7FD92882E20A001F6D8C /* XCRemoteSwiftPackageReference "Kingfisher" */,
				E4A93C05289AC9EE0017F326 /* XCRemoteSwiftPackageReference "DGCarouselFlowLayout" */,
				E4A93C0C28A155500017F326 /* XCRemoteSwiftPackageReference "SwiftEntryKit" */,
			);
			productRefGroup = E4E376FF287CB532003ED269 /* Products */;
			projectDirPath = "";
			projectRoot = "";
			targets = (
				E4E376FD287CB532003ED269 /* TottoriApp */,
			);
		};
/* End PBXProject section */

/* Begin PBXResourcesBuildPhase section */
		E4E376FC287CB532003ED269 /* Resources */ = {
			isa = PBXResourcesBuildPhase;
			buildActionMask = 2147483647;
			files = (
				E41C6766287F3806001FD5B2 /* Gilroy-Regular.ttf in Resources */,
				E4085C3528C260DA003B4B75 /* Localizable.strings in Resources */,
				E4E3770E287CB533003ED269 /* LaunchScreen.storyboard in Resources */,
				E4E3770B287CB533003ED269 /* Assets.xcassets in Resources */,
				E41C6762287F1C6D001FD5B2 /* FoglihtenNo06_076.otf in Resources */,
				E41C6764287F3720001FD5B2 /* Gilroy-Bold.ttf in Resources */,
			);
			runOnlyForDeploymentPostprocessing = 0;
		};
/* End PBXResourcesBuildPhase section */

/* Begin PBXSourcesBuildPhase section */
		E4E376FA287CB532003ED269 /* Sources */ = {
			isa = PBXSourcesBuildPhase;
			buildActionMask = 2147483647;
			files = (
				E48D7AA22889DAC100FDDD0F /* Formatter.swift in Sources */,
				E4ABE0B628A3DBE800B7640B /* TextFieldControlColorProtol.swift in Sources */,
				E4ABE0B828A3F73F00B7640B /* PhoneFieldProtocol.swift in Sources */,
				E43C7FE82885C61C001F6D8C /* UIImage.swift in Sources */,
				E48DBAC728A562B700B65644 /* FurnitureCollectionViewCell.swift in Sources */,
				E41C6738287DBA6B001FD5B2 /* MenuCollectionViewCell.swift in Sources */,
				E4AE919E28ACEE6600B8ACC9 /* DesignListDispayFactory.swift in Sources */,
				E423CD0128C79CD800A8D7D8 /* TwoDimenIndex.swift in Sources */,
				E4085C2F28C09DFC003B4B75 /* MapView.swift in Sources */,
				E45857A428C771700017D99F /* DetailsView.swift in Sources */,
				E43C7FD428816175001F6D8C /* DishDelegate.swift in Sources */,
				E4AE91A628AD2A1E00B8ACC9 /* ViewControllerWithViewWithStack.swift in Sources */,
				E41C6736287DB233001FD5B2 /* CatalogView.swift in Sources */,
				E43C7FE228847EAF001F6D8C /* BasketDelegate.swift in Sources */,
				E4C088EE28A67C0600CD58C7 /* RequestProtocol.swift in Sources */,
				E4AE91A828AD2A6700B8ACC9 /* ViewWithStack.swift in Sources */,
				E433C8A2288D7DB70036479C /* DeliveryView.swift in Sources */,
				E4C088FE28A6852F00CD58C7 /* DataServiceExceptions.swift in Sources */,
				E4E37706287CB532003ED269 /* CatalogViewController.swift in Sources */,
				E4AE919A28ACE78200B8ACC9 /* DesignListRequest.swift in Sources */,
				E433C8A6288D98B20036479C /* CustomTextFieldWithInsets.swift in Sources */,
				E433C8AC288FDB510036479C /* BacketViewBackDataDelegate.swift in Sources */,
				E4085C3C28C4B814003B4B75 /* WeightAndPriceView.swift in Sources */,
				E4A93C09289AD10A0017F326 /* CustomFavouriteCellCollectionViewCell.swift in Sources */,
				E4C0890028A6853C00CD58C7 /* FontSizes.swift in Sources */,
				E4928BE028BE123A004AAE3E /* DeliveryPostRequest.swift in Sources */,
				E4928BE428BE2877004AAE3E /* Delivery.swift in Sources */,
				E4CEED1428A2808B004A1BEE /* AboutUsDelegate.swift in Sources */,
				E4E37702287CB532003ED269 /* AppDelegate.swift in Sources */,
				E4E37725287CC023003ED269 /* BasketViewController.swift in Sources */,
				E4085C4028C503CC003B4B75 /* MinusButton.swift in Sources */,
				E43C7FE428847F3F001F6D8C /* BasketView.swift in Sources */,
				E48DBAC328A5469C00B65644 /* AboutUsDataDelegate.swift in Sources */,
				E4928BDD28BDED6A004AAE3E /* HideTobBarViewController.swift in Sources */,
				E4A93C022897EA920017F326 /* UILabel.swift in Sources */,
				E48DBAC528A5478C00B65644 /* AboutUsDataViewController.swift in Sources */,
				E4C088F428A67E4900CD58C7 /* MenuListViewModel.swift in Sources */,
				E43C7FDF288419BB001F6D8C /* FoodCountView.swift in Sources */,
				E4ABE0B428A3C31D00B7640B /* UIView.swift in Sources */,
				E4085C4228C50C92003B4B75 /* ImageWithIndexes.swift in Sources */,
				E4C088F028A67C5900CD58C7 /* ProtocolRequestExtension.swift in Sources */,
				E43C7FEC2886D03F001F6D8C /* MenuListRequest.swift in Sources */,
				E4085C3128C0A716003B4B75 /* InternetAvailability.swift in Sources */,
				E41C673A287DF5CD001FD5B2 /* DishCollectionViewCell.swift in Sources */,
				E43C7FE62884801B001F6D8C /* OrderCollectionViewCell.swift in Sources */,
				E4AE919428AAC6F200B8ACC9 /* LeadingCollectionViewLayout.swift in Sources */,
				E4E37704287CB532003ED269 /* SceneDelegate.swift in Sources */,
				E4C088F228A67DD800CD58C7 /* MenuListDisplayFactory.swift in Sources */,
				E4C088F928A6816C00CD58C7 /* HeaderForTitleCollectionReusableView.swift in Sources */,
				E4ABE0BA28A4138800B7640B /* ToolBar.swift in Sources */,
				E48DBAC028A458DF00B65644 /* FlowLay.swift in Sources */,
				E49262BC2891436000970B24 /* AboutUsData.swift in Sources */,
				E45857A028C5FC800017D99F /* WeightTableViewController.swift in Sources */,
				E4AE918628A6CB0800B8ACC9 /* DuplicateCollectionViewCell.swift in Sources */,
				E43C7FD62882D49B001F6D8C /* Dishes.swift in Sources */,
				E45857A228C632950017D99F /* WeightTableViewCell.swift in Sources */,
				E4928BE228BE138F004AAE3E /* DeliveryListViewModel.swift in Sources */,
				E4085C4428C50C9F003B4B75 /* TextWithIndexes.swift in Sources */,
				E433C8A8288DA26E0036479C /* TogleView.swift in Sources */,
				E43C7FDD2883112A001F6D8C /* String.swift in Sources */,
				E43C7FD028816148001F6D8C /* DishViewController.swift in Sources */,
				E4CEED1128A264C8004A1BEE /* UIViewController.swift in Sources */,
				E4E37721287CBB8A003ED269 /* TabBarViewController.swift in Sources */,
				E4CEED1628A280B4004A1BEE /* AboutUsView.swift in Sources */,
				E433C8A0288C82030036479C /* DeliveryViewController.swift in Sources */,
				E43C7FD82882D5DC001F6D8C /* DataService.swift in Sources */,
				E4E37723287CC003003ED269 /* AboutUsViewController.swift in Sources */,
				E43C7FD22881615B001F6D8C /* DishView.swift in Sources */,
				E41C6734287DB216001FD5B2 /* CatalogViewDelegate.swift in Sources */,
				E45857A628C7832E0017D99F /* DishViewBackDelegate.swift in Sources */,
				E4A93C04289A7A850017F326 /* HeaderForFavDishes.swift in Sources */,
				E4AE91A028ACF4B100B8ACC9 /* DesignListViewModel.swift in Sources */,
				E4A93C0B289BD2C80017F326 /* Allert.swift in Sources */,
				E4AE919C28ACEA2200B8ACC9 /* Design.swift in Sources */,
				E433C8AA288EF58B0036479C /* UserInfo.swift in Sources */,
				E4AE918428A6C95500B8ACC9 /* DuplicateCollectionViewRowSize.swift in Sources */,
				E4AE919228AAC48E00B8ACC9 /* ResizableCollectionView.swift in Sources */,
				E4A93C1028A15AE30017F326 /* CustomAllertView.swift in Sources */,
				E433C8A4288D7DC60036479C /* DeliveryDelegate.swift in Sources */,
				E4E3771D287CB7CF003ED269 /* ColorExtension.swift in Sources */,
				E4085C3E28C503B1003B4B75 /* PlusButton.swift in Sources */,
			);
			runOnlyForDeploymentPostprocessing = 0;
		};
/* End PBXSourcesBuildPhase section */

/* Begin PBXVariantGroup section */
		E4085C3728C260DA003B4B75 /* Localizable.strings */ = {
			isa = PBXVariantGroup;
			children = (
				E4085C3628C260DA003B4B75 /* en */,
				E4085C3928C261D1003B4B75 /* ru */,
				E4085C3A28C261D9003B4B75 /* ja */,
			);
			name = Localizable.strings;
			sourceTree = "<group>";
		};
		E4E3770C287CB533003ED269 /* LaunchScreen.storyboard */ = {
			isa = PBXVariantGroup;
			children = (
				E4E3770D287CB533003ED269 /* Base */,
				E4085C3828C26187003B4B75 /* ja */,
			);
			name = LaunchScreen.storyboard;
			sourceTree = "<group>";
		};
/* End PBXVariantGroup section */

/* Begin XCBuildConfiguration section */
		E4E37710287CB533003ED269 /* Debug */ = {
			isa = XCBuildConfiguration;
			buildSettings = {
				ALWAYS_SEARCH_USER_PATHS = NO;
				CLANG_ANALYZER_LOCALIZABILITY_NONLOCALIZED = YES;
				CLANG_ANALYZER_NONNULL = YES;
				CLANG_ANALYZER_NUMBER_OBJECT_CONVERSION = YES_AGGRESSIVE;
				CLANG_CXX_LANGUAGE_STANDARD = "gnu++17";
				CLANG_CXX_LIBRARY = "libc++";
				CLANG_ENABLE_MODULES = YES;
				CLANG_ENABLE_OBJC_ARC = YES;
				CLANG_ENABLE_OBJC_WEAK = YES;
				CLANG_WARN_BLOCK_CAPTURE_AUTORELEASING = YES;
				CLANG_WARN_BOOL_CONVERSION = YES;
				CLANG_WARN_COMMA = YES;
				CLANG_WARN_CONSTANT_CONVERSION = YES;
				CLANG_WARN_DEPRECATED_OBJC_IMPLEMENTATIONS = YES;
				CLANG_WARN_DIRECT_OBJC_ISA_USAGE = YES_ERROR;
				CLANG_WARN_DOCUMENTATION_COMMENTS = YES;
				CLANG_WARN_EMPTY_BODY = YES;
				CLANG_WARN_ENUM_CONVERSION = YES;
				CLANG_WARN_INFINITE_RECURSION = YES;
				CLANG_WARN_INT_CONVERSION = YES;
				CLANG_WARN_NON_LITERAL_NULL_CONVERSION = YES;
				CLANG_WARN_OBJC_IMPLICIT_RETAIN_SELF = YES;
				CLANG_WARN_OBJC_LITERAL_CONVERSION = YES;
				CLANG_WARN_OBJC_ROOT_CLASS = YES_ERROR;
				CLANG_WARN_QUOTED_INCLUDE_IN_FRAMEWORK_HEADER = YES;
				CLANG_WARN_RANGE_LOOP_ANALYSIS = YES;
				CLANG_WARN_STRICT_PROTOTYPES = YES;
				CLANG_WARN_SUSPICIOUS_MOVE = YES;
				CLANG_WARN_UNGUARDED_AVAILABILITY = YES_AGGRESSIVE;
				CLANG_WARN_UNREACHABLE_CODE = YES;
				CLANG_WARN__DUPLICATE_METHOD_MATCH = YES;
				COPY_PHASE_STRIP = NO;
				DEBUG_INFORMATION_FORMAT = dwarf;
				ENABLE_STRICT_OBJC_MSGSEND = YES;
				ENABLE_TESTABILITY = YES;
				GCC_C_LANGUAGE_STANDARD = gnu11;
				GCC_DYNAMIC_NO_PIC = NO;
				GCC_NO_COMMON_BLOCKS = YES;
				GCC_OPTIMIZATION_LEVEL = 0;
				GCC_PREPROCESSOR_DEFINITIONS = (
					"DEBUG=1",
					"$(inherited)",
				);
				GCC_WARN_64_TO_32_BIT_CONVERSION = YES;
				GCC_WARN_ABOUT_RETURN_TYPE = YES_ERROR;
				GCC_WARN_UNDECLARED_SELECTOR = YES;
				GCC_WARN_UNINITIALIZED_AUTOS = YES_AGGRESSIVE;
				GCC_WARN_UNUSED_FUNCTION = YES;
				GCC_WARN_UNUSED_VARIABLE = YES;
				IPHONEOS_DEPLOYMENT_TARGET = 15.2;
				MTL_ENABLE_DEBUG_INFO = INCLUDE_SOURCE;
				MTL_FAST_MATH = YES;
				ONLY_ACTIVE_ARCH = YES;
				SDKROOT = iphoneos;
				SWIFT_ACTIVE_COMPILATION_CONDITIONS = DEBUG;
				SWIFT_OPTIMIZATION_LEVEL = "-Onone";
			};
			name = Debug;
		};
		E4E37711287CB533003ED269 /* Release */ = {
			isa = XCBuildConfiguration;
			buildSettings = {
				ALWAYS_SEARCH_USER_PATHS = NO;
				CLANG_ANALYZER_LOCALIZABILITY_NONLOCALIZED = YES;
				CLANG_ANALYZER_NONNULL = YES;
				CLANG_ANALYZER_NUMBER_OBJECT_CONVERSION = YES_AGGRESSIVE;
				CLANG_CXX_LANGUAGE_STANDARD = "gnu++17";
				CLANG_CXX_LIBRARY = "libc++";
				CLANG_ENABLE_MODULES = YES;
				CLANG_ENABLE_OBJC_ARC = YES;
				CLANG_ENABLE_OBJC_WEAK = YES;
				CLANG_WARN_BLOCK_CAPTURE_AUTORELEASING = YES;
				CLANG_WARN_BOOL_CONVERSION = YES;
				CLANG_WARN_COMMA = YES;
				CLANG_WARN_CONSTANT_CONVERSION = YES;
				CLANG_WARN_DEPRECATED_OBJC_IMPLEMENTATIONS = YES;
				CLANG_WARN_DIRECT_OBJC_ISA_USAGE = YES_ERROR;
				CLANG_WARN_DOCUMENTATION_COMMENTS = YES;
				CLANG_WARN_EMPTY_BODY = YES;
				CLANG_WARN_ENUM_CONVERSION = YES;
				CLANG_WARN_INFINITE_RECURSION = YES;
				CLANG_WARN_INT_CONVERSION = YES;
				CLANG_WARN_NON_LITERAL_NULL_CONVERSION = YES;
				CLANG_WARN_OBJC_IMPLICIT_RETAIN_SELF = YES;
				CLANG_WARN_OBJC_LITERAL_CONVERSION = YES;
				CLANG_WARN_OBJC_ROOT_CLASS = YES_ERROR;
				CLANG_WARN_QUOTED_INCLUDE_IN_FRAMEWORK_HEADER = YES;
				CLANG_WARN_RANGE_LOOP_ANALYSIS = YES;
				CLANG_WARN_STRICT_PROTOTYPES = YES;
				CLANG_WARN_SUSPICIOUS_MOVE = YES;
				CLANG_WARN_UNGUARDED_AVAILABILITY = YES_AGGRESSIVE;
				CLANG_WARN_UNREACHABLE_CODE = YES;
				CLANG_WARN__DUPLICATE_METHOD_MATCH = YES;
				COPY_PHASE_STRIP = NO;
				DEBUG_INFORMATION_FORMAT = "dwarf-with-dsym";
				ENABLE_NS_ASSERTIONS = NO;
				ENABLE_STRICT_OBJC_MSGSEND = YES;
				GCC_C_LANGUAGE_STANDARD = gnu11;
				GCC_NO_COMMON_BLOCKS = YES;
				GCC_WARN_64_TO_32_BIT_CONVERSION = YES;
				GCC_WARN_ABOUT_RETURN_TYPE = YES_ERROR;
				GCC_WARN_UNDECLARED_SELECTOR = YES;
				GCC_WARN_UNINITIALIZED_AUTOS = YES_AGGRESSIVE;
				GCC_WARN_UNUSED_FUNCTION = YES;
				GCC_WARN_UNUSED_VARIABLE = YES;
				IPHONEOS_DEPLOYMENT_TARGET = 15.2;
				MTL_ENABLE_DEBUG_INFO = NO;
				MTL_FAST_MATH = YES;
				SDKROOT = iphoneos;
				SWIFT_COMPILATION_MODE = wholemodule;
				SWIFT_OPTIMIZATION_LEVEL = "-O";
				VALIDATE_PRODUCT = YES;
			};
			name = Release;
		};
		E4E37713287CB533003ED269 /* Debug */ = {
			isa = XCBuildConfiguration;
			buildSettings = {
				ASSETCATALOG_COMPILER_APPICON_NAME = AppIcon;
				ASSETCATALOG_COMPILER_GLOBAL_ACCENT_COLOR_NAME = AccentColor;
				CODE_SIGN_STYLE = Automatic;
				CURRENT_PROJECT_VERSION = 1;
				DEVELOPMENT_TEAM = 3YX3ZC2FDS;
				GENERATE_INFOPLIST_FILE = YES;
				INFOPLIST_FILE = TottoriApp/Info.plist;
				INFOPLIST_KEY_UIApplicationSupportsIndirectInputEvents = YES;
				INFOPLIST_KEY_UILaunchStoryboardName = LaunchScreen;
				INFOPLIST_KEY_UISupportedInterfaceOrientations_iPad = "UIInterfaceOrientationPortrait UIInterfaceOrientationPortraitUpsideDown UIInterfaceOrientationLandscapeLeft UIInterfaceOrientationLandscapeRight";
				INFOPLIST_KEY_UISupportedInterfaceOrientations_iPhone = "UIInterfaceOrientationPortrait UIInterfaceOrientationLandscapeLeft UIInterfaceOrientationLandscapeRight";
				LD_RUNPATH_SEARCH_PATHS = (
					"$(inherited)",
					"@executable_path/Frameworks",
				);
				MARKETING_VERSION = 1.0;
				PRODUCT_BUNDLE_IDENTIFIER = egor.TottoriApp;
				PRODUCT_NAME = "$(TARGET_NAME)";
				SWIFT_EMIT_LOC_STRINGS = YES;
				SWIFT_VERSION = 5.0;
				TARGETED_DEVICE_FAMILY = "1,2";
			};
			name = Debug;
		};
		E4E37714287CB533003ED269 /* Release */ = {
			isa = XCBuildConfiguration;
			buildSettings = {
				ASSETCATALOG_COMPILER_APPICON_NAME = AppIcon;
				ASSETCATALOG_COMPILER_GLOBAL_ACCENT_COLOR_NAME = AccentColor;
				CODE_SIGN_STYLE = Automatic;
				CURRENT_PROJECT_VERSION = 1;
				DEVELOPMENT_TEAM = 3YX3ZC2FDS;
				GENERATE_INFOPLIST_FILE = YES;
				INFOPLIST_FILE = TottoriApp/Info.plist;
				INFOPLIST_KEY_UIApplicationSupportsIndirectInputEvents = YES;
				INFOPLIST_KEY_UILaunchStoryboardName = LaunchScreen;
				INFOPLIST_KEY_UISupportedInterfaceOrientations_iPad = "UIInterfaceOrientationPortrait UIInterfaceOrientationPortraitUpsideDown UIInterfaceOrientationLandscapeLeft UIInterfaceOrientationLandscapeRight";
				INFOPLIST_KEY_UISupportedInterfaceOrientations_iPhone = "UIInterfaceOrientationPortrait UIInterfaceOrientationLandscapeLeft UIInterfaceOrientationLandscapeRight";
				LD_RUNPATH_SEARCH_PATHS = (
					"$(inherited)",
					"@executable_path/Frameworks",
				);
				MARKETING_VERSION = 1.0;
				PRODUCT_BUNDLE_IDENTIFIER = egor.TottoriApp;
				PRODUCT_NAME = "$(TARGET_NAME)";
				SWIFT_EMIT_LOC_STRINGS = YES;
				SWIFT_VERSION = 5.0;
				TARGETED_DEVICE_FAMILY = "1,2";
			};
			name = Release;
		};
/* End XCBuildConfiguration section */

/* Begin XCConfigurationList section */
		E4E376F9287CB532003ED269 /* Build configuration list for PBXProject "TottoriApp" */ = {
			isa = XCConfigurationList;
			buildConfigurations = (
				E4E37710287CB533003ED269 /* Debug */,
				E4E37711287CB533003ED269 /* Release */,
			);
			defaultConfigurationIsVisible = 0;
			defaultConfigurationName = Release;
		};
		E4E37712287CB533003ED269 /* Build configuration list for PBXNativeTarget "TottoriApp" */ = {
			isa = XCConfigurationList;
			buildConfigurations = (
				E4E37713287CB533003ED269 /* Debug */,
				E4E37714287CB533003ED269 /* Release */,
			);
			defaultConfigurationIsVisible = 0;
			defaultConfigurationName = Release;
		};
/* End XCConfigurationList section */

/* Begin XCRemoteSwiftPackageReference section */
		E43C7FD92882E20A001F6D8C /* XCRemoteSwiftPackageReference "Kingfisher" */ = {
			isa = XCRemoteSwiftPackageReference;
			repositoryURL = "https://github.com/onevcat/Kingfisher.git";
			requirement = {
				kind = upToNextMajorVersion;
				minimumVersion = 7.0.0;
			};
		};
		E4A93C05289AC9EE0017F326 /* XCRemoteSwiftPackageReference "DGCarouselFlowLayout" */ = {
			isa = XCRemoteSwiftPackageReference;
			repositoryURL = "https://github.com/donggyushin/DGCarouselFlowLayout";
			requirement = {
				branch = main;
				kind = branch;
			};
		};
		E4A93C0C28A155500017F326 /* XCRemoteSwiftPackageReference "SwiftEntryKit" */ = {
			isa = XCRemoteSwiftPackageReference;
			repositoryURL = "https://github.com/huri000/SwiftEntryKit.git";
			requirement = {
				kind = upToNextMajorVersion;
				minimumVersion = 2.0.0;
			};
		};
/* End XCRemoteSwiftPackageReference section */

/* Begin XCSwiftPackageProductDependency section */
		E43C7FDA2882E20A001F6D8C /* Kingfisher */ = {
			isa = XCSwiftPackageProductDependency;
			package = E43C7FD92882E20A001F6D8C /* XCRemoteSwiftPackageReference "Kingfisher" */;
			productName = Kingfisher;
		};
		E4A93C06289AC9EE0017F326 /* DGCarouselFlowLayout */ = {
			isa = XCSwiftPackageProductDependency;
			package = E4A93C05289AC9EE0017F326 /* XCRemoteSwiftPackageReference "DGCarouselFlowLayout" */;
			productName = DGCarouselFlowLayout;
		};
		E4A93C0D28A155500017F326 /* SwiftEntryKit */ = {
			isa = XCSwiftPackageProductDependency;
			package = E4A93C0C28A155500017F326 /* XCRemoteSwiftPackageReference "SwiftEntryKit" */;
			productName = SwiftEntryKit;
		};
/* End XCSwiftPackageProductDependency section */
	};
	rootObject = E4E376F6287CB532003ED269 /* Project object */;
}
